// !$*UTF8*$!
{
	archiveVersion = 1;
	classes = {
	};
	objectVersion = 46;
	objects = {

/* Begin PBXBuildFile section */
		661F70DF1D3175970030B615 /* TableViewController.swift in Sources */ = {isa = PBXBuildFile; fileRef = 661F70DE1D3175970030B615 /* TableViewController.swift */; };
		661F70E11D3175F30030B615 /* TableViewCell.swift in Sources */ = {isa = PBXBuildFile; fileRef = 661F70E01D3175F30030B615 /* TableViewCell.swift */; };
		6637E8761D45396000BBFB24 /* UIViewController+Segue.swift in Sources */ = {isa = PBXBuildFile; fileRef = 6637E8751D45396000BBFB24 /* UIViewController+Segue.swift */; };
		6637E8781D4539D900BBFB24 /* UIViewController+Network.swift in Sources */ = {isa = PBXBuildFile; fileRef = 6637E8771D4539D900BBFB24 /* UIViewController+Network.swift */; };
		6637E87A1D453A4D00BBFB24 /* UIViewController+Text.swift in Sources */ = {isa = PBXBuildFile; fileRef = 6637E8791D453A4D00BBFB24 /* UIViewController+Text.swift */; };
		6637E87C1D453CB900BBFB24 /* UIViewController+Notifications.swift in Sources */ = {isa = PBXBuildFile; fileRef = 6637E87B1D453CB900BBFB24 /* UIViewController+Notifications.swift */; };
		6637E87E1D45428300BBFB24 /* UIViewController+Bar.swift in Sources */ = {isa = PBXBuildFile; fileRef = 6637E87D1D45428300BBFB24 /* UIViewController+Bar.swift */; };
		6637E8801D45439C00BBFB24 /* UIView+Add.swift in Sources */ = {isa = PBXBuildFile; fileRef = 6637E87F1D45439C00BBFB24 /* UIView+Add.swift */; };
		6637E8821D45446E00BBFB24 /* UIView+Frame.swift in Sources */ = {isa = PBXBuildFile; fileRef = 6637E8811D45446E00BBFB24 /* UIView+Frame.swift */; };
		6637E8841D45452600BBFB24 /* UIView+SubViews.swift in Sources */ = {isa = PBXBuildFile; fileRef = 6637E8831D45452600BBFB24 /* UIView+SubViews.swift */; };
		6637E8861D45455100BBFB24 /* UIView+Transform.swift in Sources */ = {isa = PBXBuildFile; fileRef = 6637E8851D45455100BBFB24 /* UIView+Transform.swift */; };
		6637E8881D4545B200BBFB24 /* UIView+Layer.swift in Sources */ = {isa = PBXBuildFile; fileRef = 6637E8871D4545B200BBFB24 /* UIView+Layer.swift */; };
		6637E88A1D45463400BBFB24 /* UIView+Gesture.swift in Sources */ = {isa = PBXBuildFile; fileRef = 6637E8891D45463400BBFB24 /* UIView+Gesture.swift */; };
		6637E88D1D45475B00BBFB24 /* UIView+Animation.swift in Sources */ = {isa = PBXBuildFile; fileRef = 6637E88C1D45475B00BBFB24 /* UIView+Animation.swift */; };
		6637E88F1D4547B400BBFB24 /* UIView+Init.swift in Sources */ = {isa = PBXBuildFile; fileRef = 6637E88E1D4547B400BBFB24 /* UIView+Init.swift */; };
		6637E8911D454C5500BBFB24 /* UIImage+Blur.swift in Sources */ = {isa = PBXBuildFile; fileRef = 6637E8901D454C5500BBFB24 /* UIImage+Blur.swift */; };
		6637E8931D454DF500BBFB24 /* UIView+Blurable(9.0+).swift in Sources */ = {isa = PBXBuildFile; fileRef = 6637E8921D454DF500BBFB24 /* UIView+Blurable(9.0+).swift */; };
		6637E8951D454F6B00BBFB24 /* UIImage+Color.swift in Sources */ = {isa = PBXBuildFile; fileRef = 6637E8941D454F6B00BBFB24 /* UIImage+Color.swift */; };
		6637E8981D45507E00BBFB24 /* RandomNumber.swift in Sources */ = {isa = PBXBuildFile; fileRef = 6637E8971D45507E00BBFB24 /* RandomNumber.swift */; };
		6637E89A1D455BFD00BBFB24 /* UIViewController+Extentions.swift in Sources */ = {isa = PBXBuildFile; fileRef = 6637E8991D455BFD00BBFB24 /* UIViewController+Extentions.swift */; };
		663C36F21D4AA1B20084B0DD /* Reachability.swift in Sources */ = {isa = PBXBuildFile; fileRef = 663C36F11D4AA1B20084B0DD /* Reachability.swift */; };
		663C36F41D4AA5F50084B0DD /* ResizableCollectionView.swift in Sources */ = {isa = PBXBuildFile; fileRef = 663C36F31D4AA5F50084B0DD /* ResizableCollectionView.swift */; };
		6654E9461D343AF90079ACF7 /* UITableView+Extensions.swift in Sources */ = {isa = PBXBuildFile; fileRef = 6654E9451D343AF90079ACF7 /* UITableView+Extensions.swift */; };
		6654E9481D343B7E0079ACF7 /* UIStoryboardExtentions.swift in Sources */ = {isa = PBXBuildFile; fileRef = 6654E9471D343B7E0079ACF7 /* UIStoryboardExtentions.swift */; };
		66808E7D1D457BC900ACCEAF /* NSNotificationCenter+Extension.swift in Sources */ = {isa = PBXBuildFile; fileRef = 66808E7C1D457BC900ACCEAF /* NSNotificationCenter+Extension.swift */; };
		66808E7F1D46AFC000ACCEAF /* CGRect+WithNew.swift in Sources */ = {isa = PBXBuildFile; fileRef = 66808E7E1D46AFC000ACCEAF /* CGRect+WithNew.swift */; };
		66808E811D46B0E700ACCEAF /* CGSize+WithNew.swift in Sources */ = {isa = PBXBuildFile; fileRef = 66808E801D46B0E700ACCEAF /* CGSize+WithNew.swift */; };
		66808E831D46B14000ACCEAF /* CGPoint+WithNew.swift in Sources */ = {isa = PBXBuildFile; fileRef = 66808E821D46B14000ACCEAF /* CGPoint+WithNew.swift */; };
		66808E851D46B27D00ACCEAF /* Int+NSTimeInterval.swift in Sources */ = {isa = PBXBuildFile; fileRef = 66808E841D46B27D00ACCEAF /* Int+NSTimeInterval.swift */; };
		66808E871D46B38700ACCEAF /* Int+Is.swift in Sources */ = {isa = PBXBuildFile; fileRef = 66808E861D46B38700ACCEAF /* Int+Is.swift */; };
		66808E891D46B3B000ACCEAF /* Int+To.swift in Sources */ = {isa = PBXBuildFile; fileRef = 66808E881D46B3B000ACCEAF /* Int+To.swift */; };
		66808E8C1D46B4D800ACCEAF /* UINavigationBar+Extension.swift in Sources */ = {isa = PBXBuildFile; fileRef = 66808E8B1D46B4D800ACCEAF /* UINavigationBar+Extension.swift */; };
		66808E8E1D46B5F700ACCEAF /* UIScrollView+Extension.swift in Sources */ = {isa = PBXBuildFile; fileRef = 66808E8D1D46B5F700ACCEAF /* UIScrollView+Extension.swift */; };
		66808E901D46B70700ACCEAF /* UITextField+Range.swift in Sources */ = {isa = PBXBuildFile; fileRef = 66808E8F1D46B70700ACCEAF /* UITextField+Range.swift */; };
		66808E921D46B7F900ACCEAF /* UITextField+Cursor.swift in Sources */ = {isa = PBXBuildFile; fileRef = 66808E911D46B7F900ACCEAF /* UITextField+Cursor.swift */; };
		66808E951D46B8A900ACCEAF /* UITabBarController+Extension.swift in Sources */ = {isa = PBXBuildFile; fileRef = 66808E941D46B8A900ACCEAF /* UITabBarController+Extension.swift */; };
		66808E971D46BAF300ACCEAF /* UIViewController+TabBar.swift in Sources */ = {isa = PBXBuildFile; fileRef = 66808E961D46BAF300ACCEAF /* UIViewController+TabBar.swift */; };
		66812BCA1D46BFE600E3FD99 /* UIScreen+Extension.swift in Sources */ = {isa = PBXBuildFile; fileRef = 66812BC91D46BFE600E3FD99 /* UIScreen+Extension.swift */; };
		66812BCC1D46C21900E3FD99 /* NSLocale+Phone.swift in Sources */ = {isa = PBXBuildFile; fileRef = 66812BCB1D46C21900E3FD99 /* NSLocale+Phone.swift */; };
		66812BCF1D46C4E600E3FD99 /* NSIndexPath+Extensions.swift in Sources */ = {isa = PBXBuildFile; fileRef = 66812BCE1D46C4E600E3FD99 /* NSIndexPath+Extensions.swift */; };
		66812BD11D46C59600E3FD99 /* Collections.swift in Sources */ = {isa = PBXBuildFile; fileRef = 66812BD01D46C59600E3FD99 /* Collections.swift */; };
		66812BD31D46C9DA00E3FD99 /* Binary.swift in Sources */ = {isa = PBXBuildFile; fileRef = 66812BD21D46C9DA00E3FD99 /* Binary.swift */; };
		6686F7E21D19F2AB00A447C8 /* RailroadViewController.swift in Sources */ = {isa = PBXBuildFile; fileRef = 6686F7E11D19F2AB00A447C8 /* RailroadViewController.swift */; };
		6686F7E41D1B2D7E00A447C8 /* DesignableButton1.swift in Sources */ = {isa = PBXBuildFile; fileRef = 6686F7E31D1B2D7E00A447C8 /* DesignableButton1.swift */; };
		6686F7E61D1B2D9200A447C8 /* DesignableButton.swift in Sources */ = {isa = PBXBuildFile; fileRef = 6686F7E51D1B2D9200A447C8 /* DesignableButton.swift */; };
		6686F7E81D1B474100A447C8 /* DesignableView1.swift in Sources */ = {isa = PBXBuildFile; fileRef = 6686F7E71D1B474100A447C8 /* DesignableView1.swift */; };
		6686F7EA1D1B475900A447C8 /* DesignableView.swift in Sources */ = {isa = PBXBuildFile; fileRef = 6686F7E91D1B475900A447C8 /* DesignableView.swift */; };
		66AA1C391D456A8A00B0B204 /* UIImage+Get.swift in Sources */ = {isa = PBXBuildFile; fileRef = 66AA1C381D456A8A00B0B204 /* UIImage+Get.swift */; };
		66AA1C3B1D456B3500B0B204 /* UIImage+New.swift in Sources */ = {isa = PBXBuildFile; fileRef = 66AA1C3A1D456B3500B0B204 /* UIImage+New.swift */; };
		66AA1C3D1D456B8600B0B204 /* UIImage+Data.swift in Sources */ = {isa = PBXBuildFile; fileRef = 66AA1C3C1D456B8600B0B204 /* UIImage+Data.swift */; };
		66AA1C3F1D456F5400B0B204 /* CGSize+Aspect.swift in Sources */ = {isa = PBXBuildFile; fileRef = 66AA1C3E1D456F5400B0B204 /* CGSize+Aspect.swift */; };
		66F84CD11D1880AF00B54B01 /* AppDelegate.swift in Sources */ = {isa = PBXBuildFile; fileRef = 66F84CD01D1880AF00B54B01 /* AppDelegate.swift */; };
		66F84CD31D1880AF00B54B01 /* ViewController.swift in Sources */ = {isa = PBXBuildFile; fileRef = 66F84CD21D1880AF00B54B01 /* ViewController.swift */; };
		66F84CD61D1880AF00B54B01 /* Main.storyboard in Resources */ = {isa = PBXBuildFile; fileRef = 66F84CD41D1880AF00B54B01 /* Main.storyboard */; };
		66F84CD81D1880AF00B54B01 /* Assets.xcassets in Resources */ = {isa = PBXBuildFile; fileRef = 66F84CD71D1880AF00B54B01 /* Assets.xcassets */; };
		66F84CDB1D1880AF00B54B01 /* LaunchScreen.storyboard in Resources */ = {isa = PBXBuildFile; fileRef = 66F84CD91D1880AF00B54B01 /* LaunchScreen.storyboard */; };
		66F84D221D1880F900B54B01 /* DesignableTextField.swift in Sources */ = {isa = PBXBuildFile; fileRef = 66F84CE41D1880F900B54B01 /* DesignableTextField.swift */; };
		66F84D241D1880F900B54B01 /* DesignableImageView.swift in Sources */ = {isa = PBXBuildFile; fileRef = 66F84CE71D1880F900B54B01 /* DesignableImageView.swift */; };
		66F84D251D1880F900B54B01 /* DesignableLabel.swift in Sources */ = {isa = PBXBuildFile; fileRef = 66F84CE81D1880F900B54B01 /* DesignableLabel.swift */; };
		66F84D261D1880F900B54B01 /* DesignableTabBarController.swift in Sources */ = {isa = PBXBuildFile; fileRef = 66F84CE91D1880F900B54B01 /* DesignableTabBarController.swift */; };
		66F84D271D1880F900B54B01 /* DesignableTextField1.swift in Sources */ = {isa = PBXBuildFile; fileRef = 66F84CEA1D1880F900B54B01 /* DesignableTextField1.swift */; };
		66F84D281D1880F900B54B01 /* DesignableTextView.swift in Sources */ = {isa = PBXBuildFile; fileRef = 66F84CEB1D1880F900B54B01 /* DesignableTextView.swift */; };
		66F84D2A1D1880F900B54B01 /* DesignableCheckbox.swift in Sources */ = {isa = PBXBuildFile; fileRef = 66F84CED1D1880F900B54B01 /* DesignableCheckbox.swift */; };
		66F84D2B1D1880F900B54B01 /* ArrayExtensions.swift in Sources */ = {isa = PBXBuildFile; fileRef = 66F84CEF1D1880F900B54B01 /* ArrayExtensions.swift */; };
		66F84D2E1D1880F900B54B01 /* DictionaryExtensions.swift in Sources */ = {isa = PBXBuildFile; fileRef = 66F84CF21D1880F900B54B01 /* DictionaryExtensions.swift */; };
		66F84D2F1D1880F900B54B01 /* EZSwiftFunctions.swift in Sources */ = {isa = PBXBuildFile; fileRef = 66F84CF31D1880F900B54B01 /* EZSwiftFunctions.swift */; };
		66F84D311D1880F900B54B01 /* NSUserDefaultsExtension.swift in Sources */ = {isa = PBXBuildFile; fileRef = 66F84CF51D1880F900B54B01 /* NSUserDefaultsExtension.swift */; };
		66F84D321D1880F900B54B01 /* StringExtensions.swift in Sources */ = {isa = PBXBuildFile; fileRef = 66F84CF61D1880F900B54B01 /* StringExtensions.swift */; };
		66F84D331D1880F900B54B01 /* UIAlertController+Extensions.swift in Sources */ = {isa = PBXBuildFile; fileRef = 66F84CF71D1880F900B54B01 /* UIAlertController+Extensions.swift */; };
		66F84D341D1880F900B54B01 /* UIImage+Aspect.swift in Sources */ = {isa = PBXBuildFile; fileRef = 66F84CF81D1880F900B54B01 /* UIImage+Aspect.swift */; };
		66F84D351D1880F900B54B01 /* NewExtentions.swift in Sources */ = {isa = PBXBuildFile; fileRef = 66F84CF91D1880F900B54B01 /* NewExtentions.swift */; };
		66F84D361D1880F900B54B01 /* !site.txt in Resources */ = {isa = PBXBuildFile; fileRef = 66F84CFB1D1880F900B54B01 /* !site.txt */; };
		66F84D371D1880F900B54B01 /* BlockButton.swift in Sources */ = {isa = PBXBuildFile; fileRef = 66F84CFC1D1880F900B54B01 /* BlockButton.swift */; };
		66F84D381D1880F900B54B01 /* BlockLongPress.swift in Sources */ = {isa = PBXBuildFile; fileRef = 66F84CFD1D1880F900B54B01 /* BlockLongPress.swift */; };
		66F84D391D1880F900B54B01 /* BlockPan.swift in Sources */ = {isa = PBXBuildFile; fileRef = 66F84CFE1D1880F900B54B01 /* BlockPan.swift */; };
		66F84D3A1D1880F900B54B01 /* BlockPinch.swift in Sources */ = {isa = PBXBuildFile; fileRef = 66F84CFF1D1880F900B54B01 /* BlockPinch.swift */; };
		66F84D3B1D1880F900B54B01 /* BlockWebView.swift in Sources */ = {isa = PBXBuildFile; fileRef = 66F84D001D1880F900B54B01 /* BlockWebView.swift */; };
		66F84D3C1D1880F900B54B01 /* Bool+Extensions.swift in Sources */ = {isa = PBXBuildFile; fileRef = 66F84D011D1880F900B54B01 /* Bool+Extensions.swift */; };
		66F84D3D1D1880F900B54B01 /* CGFloatExtensions.swift in Sources */ = {isa = PBXBuildFile; fileRef = 66F84D021D1880F900B54B01 /* CGFloatExtensions.swift */; };
		66F84D3E1D1880F900B54B01 /* CGRect+Size.swift in Sources */ = {isa = PBXBuildFile; fileRef = 66F84D031D1880F900B54B01 /* CGRect+Size.swift */; };
		66F84D3F1D1880F900B54B01 /* CharacterExtensions.swift in Sources */ = {isa = PBXBuildFile; fileRef = 66F84D041D1880F900B54B01 /* CharacterExtensions.swift */; };
		66F84D401D1880F900B54B01 /* DoubleExtensions.swift in Sources */ = {isa = PBXBuildFile; fileRef = 66F84D051D1880F900B54B01 /* DoubleExtensions.swift */; };
		66F84D411D1880F900B54B01 /* ErrorTypeExtensions.swift in Sources */ = {isa = PBXBuildFile; fileRef = 66F84D061D1880F900B54B01 /* ErrorTypeExtensions.swift */; };
		66F84D421D1880F900B54B01 /* Int+Extensions.swift in Sources */ = {isa = PBXBuildFile; fileRef = 66F84D071D1880F900B54B01 /* Int+Extensions.swift */; };
		66F84D431D1880F900B54B01 /* NSAttributedStringExtension.swift in Sources */ = {isa = PBXBuildFile; fileRef = 66F84D081D1880F900B54B01 /* NSAttributedStringExtension.swift */; };
		66F84D441D1880F900B54B01 /* NSBundleExtensions.swift in Sources */ = {isa = PBXBuildFile; fileRef = 66F84D091D1880F900B54B01 /* NSBundleExtensions.swift */; };
		66F84D451D1880F900B54B01 /* NSDateExtensions.swift in Sources */ = {isa = PBXBuildFile; fileRef = 66F84D0A1D1880F900B54B01 /* NSDateExtensions.swift */; };
		66F84D461D1880F900B54B01 /* NSDictionaryExtensions.swift in Sources */ = {isa = PBXBuildFile; fileRef = 66F84D0B1D1880F900B54B01 /* NSDictionaryExtensions.swift */; };
		66F84D471D1880F900B54B01 /* NSObjectExtensions.swift in Sources */ = {isa = PBXBuildFile; fileRef = 66F84D0C1D1880F900B54B01 /* NSObjectExtensions.swift */; };
		66F84D481D1880F900B54B01 /* NSTimerExtensions.swift in Sources */ = {isa = PBXBuildFile; fileRef = 66F84D0D1D1880F900B54B01 /* NSTimerExtensions.swift */; };
		66F84D491D1880F900B54B01 /* NSURLExtensions.swift in Sources */ = {isa = PBXBuildFile; fileRef = 66F84D0E1D1880F900B54B01 /* NSURLExtensions.swift */; };
		66F84D4A1D1880F900B54B01 /* UIApplicationExtensions.swift in Sources */ = {isa = PBXBuildFile; fileRef = 66F84D0F1D1880F900B54B01 /* UIApplicationExtensions.swift */; };
		66F84D4C1D1880F900B54B01 /* UIButton+Extensions.swift in Sources */ = {isa = PBXBuildFile; fileRef = 66F84D111D1880F900B54B01 /* UIButton+Extensions.swift */; };
		66F84D4E1D1880F900B54B01 /* UIColorExtensions.swift in Sources */ = {isa = PBXBuildFile; fileRef = 66F84D131D1880F900B54B01 /* UIColorExtensions.swift */; };
		66F84D4F1D1880F900B54B01 /* UIDeviceExtensions.swift in Sources */ = {isa = PBXBuildFile; fileRef = 66F84D141D1880F900B54B01 /* UIDeviceExtensions.swift */; };
		66F84D501D1880F900B54B01 /* UIFontExtensions.swift in Sources */ = {isa = PBXBuildFile; fileRef = 66F84D151D1880F900B54B01 /* UIFontExtensions.swift */; };
		66F84D511D1880F900B54B01 /* UIImageViewExtensions.swift in Sources */ = {isa = PBXBuildFile; fileRef = 66F84D161D1880F900B54B01 /* UIImageViewExtensions.swift */; };
		66F84D521D1880F900B54B01 /* UILabelExtensions.swift in Sources */ = {isa = PBXBuildFile; fileRef = 66F84D171D1880F900B54B01 /* UILabelExtensions.swift */; };
		66F84D531D1880F900B54B01 /* UISliderExtensions.swift in Sources */ = {isa = PBXBuildFile; fileRef = 66F84D181D1880F900B54B01 /* UISliderExtensions.swift */; };
		66F84D541D1880F900B54B01 /* UISwitchExtensions.swift in Sources */ = {isa = PBXBuildFile; fileRef = 66F84D191D1880F900B54B01 /* UISwitchExtensions.swift */; };
		66F84D551D1880F900B54B01 /* UITextViewExtensions.swift in Sources */ = {isa = PBXBuildFile; fileRef = 66F84D1A1D1880F900B54B01 /* UITextViewExtensions.swift */; };
		66F84D561D1880F900B54B01 /* UIUserInterfaceSizeClassExtensions.swift in Sources */ = {isa = PBXBuildFile; fileRef = 66F84D1B1D1880F900B54B01 /* UIUserInterfaceSizeClassExtensions.swift */; };
		66F84D571D1880F900B54B01 /* UIViewController+Size.swift in Sources */ = {isa = PBXBuildFile; fileRef = 66F84D1C1D1880F900B54B01 /* UIViewController+Size.swift */; };
		66F84D581D1880F900B54B01 /* UIView+Extensions.swift in Sources */ = {isa = PBXBuildFile; fileRef = 66F84D1D1D1880F900B54B01 /* UIView+Extensions.swift */; };
		66F84D591D1880F900B54B01 /* UIWindowExtensions.swift in Sources */ = {isa = PBXBuildFile; fileRef = 66F84D1E1D1880F900B54B01 /* UIWindowExtensions.swift */; };
		66F84D5A1D1880F900B54B01 /* Functions.swift in Sources */ = {isa = PBXBuildFile; fileRef = 66F84D1F1D1880F900B54B01 /* Functions.swift */; };
		66F84D5C1D1880F900B54B01 /* LoadingView.swift in Sources */ = {isa = PBXBuildFile; fileRef = 66F84D211D1880F900B54B01 /* LoadingView.swift */; };
		66FB8A0C1D381ECA00937D6B /* DPTransparentEdgesScrollView.swift in Sources */ = {isa = PBXBuildFile; fileRef = 66FB8A0B1D381ECA00937D6B /* DPTransparentEdgesScrollView.swift */; };
		66FB8A0E1D3822C100937D6B /* DPTransparentEdgesTableView.swift in Sources */ = {isa = PBXBuildFile; fileRef = 66FB8A0D1D3822C100937D6B /* DPTransparentEdgesTableView.swift */; };
		CE0F9A741D269E4E007D2F64 /* NSLocale+Language.swift in Sources */ = {isa = PBXBuildFile; fileRef = CE0F9A731D269E4E007D2F64 /* NSLocale+Language.swift */; };
		CE0F9A761D269E6B007D2F64 /* PhoneNumberKit+Extensions.swift in Sources */ = {isa = PBXBuildFile; fileRef = CE0F9A751D269E6B007D2F64 /* PhoneNumberKit+Extensions.swift */; };
		CE4D68C51D4B4FF8001AA8E5 /* BaseKeyboardController.swift in Sources */ = {isa = PBXBuildFile; fileRef = CE4D68C41D4B4FF8001AA8E5 /* BaseKeyboardController.swift */; };
		CE4D68CB1D4B8AB9001AA8E5 /* NSDate+string.swift in Sources */ = {isa = PBXBuildFile; fileRef = CE4D68CA1D4B8AB9001AA8E5 /* NSDate+string.swift */; };
		CE6E3CE41D42063D00FA4C83 /* UIViewController+Child.swift in Sources */ = {isa = PBXBuildFile; fileRef = CE6E3CE31D42063D00FA4C83 /* UIViewController+Child.swift */; };
		CEA4494E1D4735D700097E6C /* UISwitch+Extensions.swift in Sources */ = {isa = PBXBuildFile; fileRef = CEA4494D1D4735D700097E6C /* UISwitch+Extensions.swift */; };
		CEA4495B1D47406900097E6C /* UITabBarItem+Init.swift in Sources */ = {isa = PBXBuildFile; fileRef = CEA4495A1D47406900097E6C /* UITabBarItem+Init.swift */; };
		CEA4495F1D475B5000097E6C /* NSDate+dayBegining.swift in Sources */ = {isa = PBXBuildFile; fileRef = CEA4495C1D475B5000097E6C /* NSDate+dayBegining.swift */; };
		CEA449601D475B5000097E6C /* NSDate+localizedString.swift in Sources */ = {isa = PBXBuildFile; fileRef = CEA4495D1D475B5000097E6C /* NSDate+localizedString.swift */; };
		CEA449611D475B5000097E6C /* TableView.swift in Sources */ = {isa = PBXBuildFile; fileRef = CEA4495E1D475B5000097E6C /* TableView.swift */; };
		CEA449631D475B6E00097E6C /* UIViewController+UIActivityIndicator.swift in Sources */ = {isa = PBXBuildFile; fileRef = CEA449621D475B6E00097E6C /* UIViewController+UIActivityIndicator.swift */; };
		CEA449691D47A67500097E6C /* UIViewController+ImagePicker.swift in Sources */ = {isa = PBXBuildFile; fileRef = CEA449681D47A67500097E6C /* UIViewController+ImagePicker.swift */; };
		CEABED121D22BC8000455C05 /* LockView.swift in Sources */ = {isa = PBXBuildFile; fileRef = CEABED111D22BC8000455C05 /* LockView.swift */; };
		CEE3DD741D24062F007B3812 /* BlurView.swift in Sources */ = {isa = PBXBuildFile; fileRef = CEE3DD731D24062F007B3812 /* BlurView.swift */; };
		CEEFF1181D37A6510042D70E /* UITableViewCell+Extensions.swift in Sources */ = {isa = PBXBuildFile; fileRef = CEEFF1171D37A6510042D70E /* UITableViewCell+Extensions.swift */; };
		CEEFF12E1D38F6F00042D70E /* UICollectionView+Extensions.swift in Sources */ = {isa = PBXBuildFile; fileRef = CEEFF12D1D38F6F00042D70E /* UICollectionView+Extensions.swift */; };
		CEF814DA1D1D0B6300A5622B /* MKMapViewExtension.swift in Sources */ = {isa = PBXBuildFile; fileRef = CEF814D31D1D0B6300A5622B /* MKMapViewExtension.swift */; };
		CEF814DB1D1D0B6300A5622B /* NSAttributedStringExtensions.swift in Sources */ = {isa = PBXBuildFile; fileRef = CEF814D41D1D0B6300A5622B /* NSAttributedStringExtensions.swift */; };
		CEF814DD1D1D0B6300A5622B /* UISearchBar+TextField.swift in Sources */ = {isa = PBXBuildFile; fileRef = CEF814D61D1D0B6300A5622B /* UISearchBar+TextField.swift */; };
		CEF814DE1D1D0B6300A5622B /* UITextField+Size.swift in Sources */ = {isa = PBXBuildFile; fileRef = CEF814D71D1D0B6300A5622B /* UITextField+Size.swift */; };
		CEF814DF1D1D0B6300A5622B /* UIViewController+Navigation.swift in Sources */ = {isa = PBXBuildFile; fileRef = CEF814D81D1D0B6300A5622B /* UIViewController+Navigation.swift */; };
		CEF814E41D1D0D2500A5622B /* Alamofire+Extensions.swift in Sources */ = {isa = PBXBuildFile; fileRef = CEF814E21D1D0D2500A5622B /* Alamofire+Extensions.swift */; };
		CEF814E51D1D0D2500A5622B /* GMSMapView+Extensions.swift in Sources */ = {isa = PBXBuildFile; fileRef = CEF814E31D1D0D2500A5622B /* GMSMapView+Extensions.swift */; };
		CEF814E81D1D0E3600A5622B /* KeyboardLayoutConstraint.swift in Sources */ = {isa = PBXBuildFile; fileRef = CEF814E71D1D0E3600A5622B /* KeyboardLayoutConstraint.swift */; };
		CEF814EC1D1D0F5B00A5622B /* IsoCountries.swift in Sources */ = {isa = PBXBuildFile; fileRef = CEF814EA1D1D0F5B00A5622B /* IsoCountries.swift */; };
		CEF814ED1D1D0F5B00A5622B /* IsoCountryService.swift in Sources */ = {isa = PBXBuildFile; fileRef = CEF814EB1D1D0F5B00A5622B /* IsoCountryService.swift */; };
		CEF814EF1D1D0FB200A5622B /* FloatRatingView.swift in Sources */ = {isa = PBXBuildFile; fileRef = CEF814EE1D1D0FB200A5622B /* FloatRatingView.swift */; };
		CEF814F11D1D0FE900A5622B /* KeychainSwiftDistrib.swift in Sources */ = {isa = PBXBuildFile; fileRef = CEF814F01D1D0FE900A5622B /* KeychainSwiftDistrib.swift */; };
		CEF814F41D1D2C2D00A5622B /* BlockSwipe.swift in Sources */ = {isa = PBXBuildFile; fileRef = CEF814F21D1D2C2D00A5622B /* BlockSwipe.swift */; };
		CEF814F51D1D2C2D00A5622B /* BlockTap.swift in Sources */ = {isa = PBXBuildFile; fileRef = CEF814F31D1D2C2D00A5622B /* BlockTap.swift */; };
		CEF815091D1D79B500A5622B /* Promise+Extensions.swift in Sources */ = {isa = PBXBuildFile; fileRef = CEF815081D1D79B500A5622B /* Promise+Extensions.swift */; };
/* End PBXBuildFile section */

/* Begin PBXFileReference section */
		661F70DE1D3175970030B615 /* TableViewController.swift */ = {isa = PBXFileReference; fileEncoding = 4; lastKnownFileType = sourcecode.swift; path = TableViewController.swift; sourceTree = "<group>"; };
		661F70E01D3175F30030B615 /* TableViewCell.swift */ = {isa = PBXFileReference; fileEncoding = 4; lastKnownFileType = sourcecode.swift; path = TableViewCell.swift; sourceTree = "<group>"; };
		6637E8751D45396000BBFB24 /* UIViewController+Segue.swift */ = {isa = PBXFileReference; fileEncoding = 4; lastKnownFileType = sourcecode.swift; path = "UIViewController+Segue.swift"; sourceTree = "<group>"; };
		6637E8771D4539D900BBFB24 /* UIViewController+Network.swift */ = {isa = PBXFileReference; fileEncoding = 4; lastKnownFileType = sourcecode.swift; path = "UIViewController+Network.swift"; sourceTree = "<group>"; };
		6637E8791D453A4D00BBFB24 /* UIViewController+Text.swift */ = {isa = PBXFileReference; fileEncoding = 4; lastKnownFileType = sourcecode.swift; path = "UIViewController+Text.swift"; sourceTree = "<group>"; };
		6637E87B1D453CB900BBFB24 /* UIViewController+Notifications.swift */ = {isa = PBXFileReference; fileEncoding = 4; lastKnownFileType = sourcecode.swift; path = "UIViewController+Notifications.swift"; sourceTree = "<group>"; };
		6637E87D1D45428300BBFB24 /* UIViewController+Bar.swift */ = {isa = PBXFileReference; fileEncoding = 4; lastKnownFileType = sourcecode.swift; path = "UIViewController+Bar.swift"; sourceTree = "<group>"; };
		6637E87F1D45439C00BBFB24 /* UIView+Add.swift */ = {isa = PBXFileReference; fileEncoding = 4; lastKnownFileType = sourcecode.swift; path = "UIView+Add.swift"; sourceTree = "<group>"; };
		6637E8811D45446E00BBFB24 /* UIView+Frame.swift */ = {isa = PBXFileReference; fileEncoding = 4; lastKnownFileType = sourcecode.swift; path = "UIView+Frame.swift"; sourceTree = "<group>"; };
		6637E8831D45452600BBFB24 /* UIView+SubViews.swift */ = {isa = PBXFileReference; fileEncoding = 4; lastKnownFileType = sourcecode.swift; path = "UIView+SubViews.swift"; sourceTree = "<group>"; };
		6637E8851D45455100BBFB24 /* UIView+Transform.swift */ = {isa = PBXFileReference; fileEncoding = 4; lastKnownFileType = sourcecode.swift; path = "UIView+Transform.swift"; sourceTree = "<group>"; };
		6637E8871D4545B200BBFB24 /* UIView+Layer.swift */ = {isa = PBXFileReference; fileEncoding = 4; lastKnownFileType = sourcecode.swift; path = "UIView+Layer.swift"; sourceTree = "<group>"; };
		6637E8891D45463400BBFB24 /* UIView+Gesture.swift */ = {isa = PBXFileReference; fileEncoding = 4; lastKnownFileType = sourcecode.swift; path = "UIView+Gesture.swift"; sourceTree = "<group>"; };
		6637E88C1D45475B00BBFB24 /* UIView+Animation.swift */ = {isa = PBXFileReference; fileEncoding = 4; lastKnownFileType = sourcecode.swift; path = "UIView+Animation.swift"; sourceTree = "<group>"; };
		6637E88E1D4547B400BBFB24 /* UIView+Init.swift */ = {isa = PBXFileReference; fileEncoding = 4; lastKnownFileType = sourcecode.swift; path = "UIView+Init.swift"; sourceTree = "<group>"; };
		6637E8901D454C5500BBFB24 /* UIImage+Blur.swift */ = {isa = PBXFileReference; fileEncoding = 4; lastKnownFileType = sourcecode.swift; path = "UIImage+Blur.swift"; sourceTree = "<group>"; };
		6637E8921D454DF500BBFB24 /* UIView+Blurable(9.0+).swift */ = {isa = PBXFileReference; fileEncoding = 4; lastKnownFileType = sourcecode.swift; path = "UIView+Blurable(9.0+).swift"; sourceTree = "<group>"; };
		6637E8941D454F6B00BBFB24 /* UIImage+Color.swift */ = {isa = PBXFileReference; fileEncoding = 4; lastKnownFileType = sourcecode.swift; path = "UIImage+Color.swift"; sourceTree = "<group>"; };
		6637E8971D45507E00BBFB24 /* RandomNumber.swift */ = {isa = PBXFileReference; fileEncoding = 4; lastKnownFileType = sourcecode.swift; path = RandomNumber.swift; sourceTree = "<group>"; };
		6637E8991D455BFD00BBFB24 /* UIViewController+Extentions.swift */ = {isa = PBXFileReference; fileEncoding = 4; lastKnownFileType = sourcecode.swift; path = "UIViewController+Extentions.swift"; sourceTree = "<group>"; };
		663C36F11D4AA1B20084B0DD /* Reachability.swift */ = {isa = PBXFileReference; fileEncoding = 4; lastKnownFileType = sourcecode.swift; path = Reachability.swift; sourceTree = "<group>"; };
		663C36F31D4AA5F50084B0DD /* ResizableCollectionView.swift */ = {isa = PBXFileReference; fileEncoding = 4; lastKnownFileType = sourcecode.swift; path = ResizableCollectionView.swift; sourceTree = "<group>"; };
		6654E9451D343AF90079ACF7 /* UITableView+Extensions.swift */ = {isa = PBXFileReference; fileEncoding = 4; lastKnownFileType = sourcecode.swift; path = "UITableView+Extensions.swift"; sourceTree = "<group>"; };
		6654E9471D343B7E0079ACF7 /* UIStoryboardExtentions.swift */ = {isa = PBXFileReference; fileEncoding = 4; lastKnownFileType = sourcecode.swift; path = UIStoryboardExtentions.swift; sourceTree = "<group>"; };
		66808E7C1D457BC900ACCEAF /* NSNotificationCenter+Extension.swift */ = {isa = PBXFileReference; fileEncoding = 4; lastKnownFileType = sourcecode.swift; name = "NSNotificationCenter+Extension.swift"; path = "../Extentions/NSNotificationCenter+Extension.swift"; sourceTree = "<group>"; };
		66808E7E1D46AFC000ACCEAF /* CGRect+WithNew.swift */ = {isa = PBXFileReference; fileEncoding = 4; lastKnownFileType = sourcecode.swift; path = "CGRect+WithNew.swift"; sourceTree = "<group>"; };
		66808E801D46B0E700ACCEAF /* CGSize+WithNew.swift */ = {isa = PBXFileReference; fileEncoding = 4; lastKnownFileType = sourcecode.swift; path = "CGSize+WithNew.swift"; sourceTree = "<group>"; };
		66808E821D46B14000ACCEAF /* CGPoint+WithNew.swift */ = {isa = PBXFileReference; fileEncoding = 4; lastKnownFileType = sourcecode.swift; path = "CGPoint+WithNew.swift"; sourceTree = "<group>"; };
		66808E841D46B27D00ACCEAF /* Int+NSTimeInterval.swift */ = {isa = PBXFileReference; fileEncoding = 4; lastKnownFileType = sourcecode.swift; path = "Int+NSTimeInterval.swift"; sourceTree = "<group>"; };
		66808E861D46B38700ACCEAF /* Int+Is.swift */ = {isa = PBXFileReference; fileEncoding = 4; lastKnownFileType = sourcecode.swift; path = "Int+Is.swift"; sourceTree = "<group>"; };
		66808E881D46B3B000ACCEAF /* Int+To.swift */ = {isa = PBXFileReference; fileEncoding = 4; lastKnownFileType = sourcecode.swift; path = "Int+To.swift"; sourceTree = "<group>"; };
		66808E8B1D46B4D800ACCEAF /* UINavigationBar+Extension.swift */ = {isa = PBXFileReference; fileEncoding = 4; lastKnownFileType = sourcecode.swift; path = "UINavigationBar+Extension.swift"; sourceTree = "<group>"; };
		66808E8D1D46B5F700ACCEAF /* UIScrollView+Extension.swift */ = {isa = PBXFileReference; fileEncoding = 4; lastKnownFileType = sourcecode.swift; path = "UIScrollView+Extension.swift"; sourceTree = "<group>"; };
		66808E8F1D46B70700ACCEAF /* UITextField+Range.swift */ = {isa = PBXFileReference; fileEncoding = 4; lastKnownFileType = sourcecode.swift; path = "UITextField+Range.swift"; sourceTree = "<group>"; };
		66808E911D46B7F900ACCEAF /* UITextField+Cursor.swift */ = {isa = PBXFileReference; fileEncoding = 4; lastKnownFileType = sourcecode.swift; path = "UITextField+Cursor.swift"; sourceTree = "<group>"; };
		66808E941D46B8A900ACCEAF /* UITabBarController+Extension.swift */ = {isa = PBXFileReference; fileEncoding = 4; lastKnownFileType = sourcecode.swift; path = "UITabBarController+Extension.swift"; sourceTree = "<group>"; };
		66808E961D46BAF300ACCEAF /* UIViewController+TabBar.swift */ = {isa = PBXFileReference; fileEncoding = 4; lastKnownFileType = sourcecode.swift; path = "UIViewController+TabBar.swift"; sourceTree = "<group>"; };
		66812BC91D46BFE600E3FD99 /* UIScreen+Extension.swift */ = {isa = PBXFileReference; fileEncoding = 4; lastKnownFileType = sourcecode.swift; path = "UIScreen+Extension.swift"; sourceTree = "<group>"; };
		66812BCB1D46C21900E3FD99 /* NSLocale+Phone.swift */ = {isa = PBXFileReference; fileEncoding = 4; lastKnownFileType = sourcecode.swift; path = "NSLocale+Phone.swift"; sourceTree = "<group>"; };
		66812BCE1D46C4E600E3FD99 /* NSIndexPath+Extensions.swift */ = {isa = PBXFileReference; fileEncoding = 4; lastKnownFileType = sourcecode.swift; path = "NSIndexPath+Extensions.swift"; sourceTree = "<group>"; };
		66812BD01D46C59600E3FD99 /* Collections.swift */ = {isa = PBXFileReference; fileEncoding = 4; lastKnownFileType = sourcecode.swift; path = Collections.swift; sourceTree = "<group>"; };
		66812BD21D46C9DA00E3FD99 /* Binary.swift */ = {isa = PBXFileReference; fileEncoding = 4; lastKnownFileType = sourcecode.swift; path = Binary.swift; sourceTree = "<group>"; };
		6686F7E11D19F2AB00A447C8 /* RailroadViewController.swift */ = {isa = PBXFileReference; fileEncoding = 4; lastKnownFileType = sourcecode.swift; path = RailroadViewController.swift; sourceTree = "<group>"; };
		6686F7E31D1B2D7E00A447C8 /* DesignableButton1.swift */ = {isa = PBXFileReference; fileEncoding = 4; lastKnownFileType = sourcecode.swift; path = DesignableButton1.swift; sourceTree = "<group>"; };
		6686F7E51D1B2D9200A447C8 /* DesignableButton.swift */ = {isa = PBXFileReference; fileEncoding = 4; lastKnownFileType = sourcecode.swift; path = DesignableButton.swift; sourceTree = "<group>"; };
		6686F7E71D1B474100A447C8 /* DesignableView1.swift */ = {isa = PBXFileReference; fileEncoding = 4; lastKnownFileType = sourcecode.swift; path = DesignableView1.swift; sourceTree = "<group>"; };
		6686F7E91D1B475900A447C8 /* DesignableView.swift */ = {isa = PBXFileReference; fileEncoding = 4; lastKnownFileType = sourcecode.swift; path = DesignableView.swift; sourceTree = "<group>"; };
		66AA1C381D456A8A00B0B204 /* UIImage+Get.swift */ = {isa = PBXFileReference; fileEncoding = 4; lastKnownFileType = sourcecode.swift; path = "UIImage+Get.swift"; sourceTree = "<group>"; };
		66AA1C3A1D456B3500B0B204 /* UIImage+New.swift */ = {isa = PBXFileReference; fileEncoding = 4; lastKnownFileType = sourcecode.swift; path = "UIImage+New.swift"; sourceTree = "<group>"; };
		66AA1C3C1D456B8600B0B204 /* UIImage+Data.swift */ = {isa = PBXFileReference; fileEncoding = 4; lastKnownFileType = sourcecode.swift; path = "UIImage+Data.swift"; sourceTree = "<group>"; };
		66AA1C3E1D456F5400B0B204 /* CGSize+Aspect.swift */ = {isa = PBXFileReference; fileEncoding = 4; lastKnownFileType = sourcecode.swift; path = "CGSize+Aspect.swift"; sourceTree = "<group>"; };
		66F84CCD1D1880AE00B54B01 /* SwiftBest.app */ = {isa = PBXFileReference; explicitFileType = wrapper.application; includeInIndex = 0; path = SwiftBest.app; sourceTree = BUILT_PRODUCTS_DIR; };
		66F84CD01D1880AF00B54B01 /* AppDelegate.swift */ = {isa = PBXFileReference; lastKnownFileType = sourcecode.swift; path = AppDelegate.swift; sourceTree = "<group>"; };
		66F84CD21D1880AF00B54B01 /* ViewController.swift */ = {isa = PBXFileReference; lastKnownFileType = sourcecode.swift; path = ViewController.swift; sourceTree = "<group>"; };
		66F84CD51D1880AF00B54B01 /* Base */ = {isa = PBXFileReference; lastKnownFileType = file.storyboard; name = Base; path = Base.lproj/Main.storyboard; sourceTree = "<group>"; };
		66F84CD71D1880AF00B54B01 /* Assets.xcassets */ = {isa = PBXFileReference; lastKnownFileType = folder.assetcatalog; path = Assets.xcassets; sourceTree = "<group>"; };
		66F84CDA1D1880AF00B54B01 /* Base */ = {isa = PBXFileReference; lastKnownFileType = file.storyboard; name = Base; path = Base.lproj/LaunchScreen.storyboard; sourceTree = "<group>"; };
		66F84CDC1D1880AF00B54B01 /* Info.plist */ = {isa = PBXFileReference; lastKnownFileType = text.plist.xml; path = Info.plist; sourceTree = "<group>"; };
		66F84CE41D1880F900B54B01 /* DesignableTextField.swift */ = {isa = PBXFileReference; fileEncoding = 4; lastKnownFileType = sourcecode.swift; path = DesignableTextField.swift; sourceTree = "<group>"; };
		66F84CE71D1880F900B54B01 /* DesignableImageView.swift */ = {isa = PBXFileReference; fileEncoding = 4; lastKnownFileType = sourcecode.swift; path = DesignableImageView.swift; sourceTree = "<group>"; };
		66F84CE81D1880F900B54B01 /* DesignableLabel.swift */ = {isa = PBXFileReference; fileEncoding = 4; lastKnownFileType = sourcecode.swift; path = DesignableLabel.swift; sourceTree = "<group>"; };
		66F84CE91D1880F900B54B01 /* DesignableTabBarController.swift */ = {isa = PBXFileReference; fileEncoding = 4; lastKnownFileType = sourcecode.swift; path = DesignableTabBarController.swift; sourceTree = "<group>"; };
		66F84CEA1D1880F900B54B01 /* DesignableTextField1.swift */ = {isa = PBXFileReference; fileEncoding = 4; lastKnownFileType = sourcecode.swift; path = DesignableTextField1.swift; sourceTree = "<group>"; };
		66F84CEB1D1880F900B54B01 /* DesignableTextView.swift */ = {isa = PBXFileReference; fileEncoding = 4; lastKnownFileType = sourcecode.swift; path = DesignableTextView.swift; sourceTree = "<group>"; };
		66F84CED1D1880F900B54B01 /* DesignableCheckbox.swift */ = {isa = PBXFileReference; fileEncoding = 4; lastKnownFileType = sourcecode.swift; path = DesignableCheckbox.swift; sourceTree = "<group>"; };
		66F84CEF1D1880F900B54B01 /* ArrayExtensions.swift */ = {isa = PBXFileReference; fileEncoding = 4; lastKnownFileType = sourcecode.swift; path = ArrayExtensions.swift; sourceTree = "<group>"; };
		66F84CF21D1880F900B54B01 /* DictionaryExtensions.swift */ = {isa = PBXFileReference; fileEncoding = 4; lastKnownFileType = sourcecode.swift; path = DictionaryExtensions.swift; sourceTree = "<group>"; };
		66F84CF31D1880F900B54B01 /* EZSwiftFunctions.swift */ = {isa = PBXFileReference; fileEncoding = 4; lastKnownFileType = sourcecode.swift; path = EZSwiftFunctions.swift; sourceTree = "<group>"; };
		66F84CF51D1880F900B54B01 /* NSUserDefaultsExtension.swift */ = {isa = PBXFileReference; fileEncoding = 4; lastKnownFileType = sourcecode.swift; path = NSUserDefaultsExtension.swift; sourceTree = "<group>"; };
		66F84CF61D1880F900B54B01 /* StringExtensions.swift */ = {isa = PBXFileReference; fileEncoding = 4; lastKnownFileType = sourcecode.swift; path = StringExtensions.swift; sourceTree = "<group>"; };
		66F84CF71D1880F900B54B01 /* UIAlertController+Extensions.swift */ = {isa = PBXFileReference; fileEncoding = 4; lastKnownFileType = sourcecode.swift; path = "UIAlertController+Extensions.swift"; sourceTree = "<group>"; };
		66F84CF81D1880F900B54B01 /* UIImage+Aspect.swift */ = {isa = PBXFileReference; fileEncoding = 4; lastKnownFileType = sourcecode.swift; path = "UIImage+Aspect.swift"; sourceTree = "<group>"; };
		66F84CF91D1880F900B54B01 /* NewExtentions.swift */ = {isa = PBXFileReference; fileEncoding = 4; lastKnownFileType = sourcecode.swift; path = NewExtentions.swift; sourceTree = "<group>"; };
		66F84CFB1D1880F900B54B01 /* !site.txt */ = {isa = PBXFileReference; fileEncoding = 4; lastKnownFileType = text; path = "!site.txt"; sourceTree = "<group>"; };
		66F84CFC1D1880F900B54B01 /* BlockButton.swift */ = {isa = PBXFileReference; fileEncoding = 4; lastKnownFileType = sourcecode.swift; name = BlockButton.swift; path = SwiftBest/swiftMy/ExtentionsOthers/BlockButton.swift; sourceTree = SOURCE_ROOT; };
		66F84CFD1D1880F900B54B01 /* BlockLongPress.swift */ = {isa = PBXFileReference; fileEncoding = 4; lastKnownFileType = sourcecode.swift; path = BlockLongPress.swift; sourceTree = "<group>"; };
		66F84CFE1D1880F900B54B01 /* BlockPan.swift */ = {isa = PBXFileReference; fileEncoding = 4; lastKnownFileType = sourcecode.swift; path = BlockPan.swift; sourceTree = "<group>"; };
		66F84CFF1D1880F900B54B01 /* BlockPinch.swift */ = {isa = PBXFileReference; fileEncoding = 4; lastKnownFileType = sourcecode.swift; path = BlockPinch.swift; sourceTree = "<group>"; };
		66F84D001D1880F900B54B01 /* BlockWebView.swift */ = {isa = PBXFileReference; fileEncoding = 4; lastKnownFileType = sourcecode.swift; path = BlockWebView.swift; sourceTree = "<group>"; };
		66F84D011D1880F900B54B01 /* Bool+Extensions.swift */ = {isa = PBXFileReference; fileEncoding = 4; lastKnownFileType = sourcecode.swift; path = "Bool+Extensions.swift"; sourceTree = "<group>"; };
		66F84D021D1880F900B54B01 /* CGFloatExtensions.swift */ = {isa = PBXFileReference; fileEncoding = 4; lastKnownFileType = sourcecode.swift; path = CGFloatExtensions.swift; sourceTree = "<group>"; };
		66F84D031D1880F900B54B01 /* CGRect+Size.swift */ = {isa = PBXFileReference; fileEncoding = 4; lastKnownFileType = sourcecode.swift; name = "CGRect+Size.swift"; path = "SwiftBest/swiftMy/ExtentionsOthers/CGRect+Size.swift"; sourceTree = SOURCE_ROOT; };
		66F84D041D1880F900B54B01 /* CharacterExtensions.swift */ = {isa = PBXFileReference; fileEncoding = 4; lastKnownFileType = sourcecode.swift; path = CharacterExtensions.swift; sourceTree = "<group>"; };
		66F84D051D1880F900B54B01 /* DoubleExtensions.swift */ = {isa = PBXFileReference; fileEncoding = 4; lastKnownFileType = sourcecode.swift; path = DoubleExtensions.swift; sourceTree = "<group>"; };
		66F84D061D1880F900B54B01 /* ErrorTypeExtensions.swift */ = {isa = PBXFileReference; fileEncoding = 4; lastKnownFileType = sourcecode.swift; path = ErrorTypeExtensions.swift; sourceTree = "<group>"; };
		66F84D071D1880F900B54B01 /* Int+Extensions.swift */ = {isa = PBXFileReference; fileEncoding = 4; lastKnownFileType = sourcecode.swift; path = "Int+Extensions.swift"; sourceTree = "<group>"; };
		66F84D081D1880F900B54B01 /* NSAttributedStringExtension.swift */ = {isa = PBXFileReference; fileEncoding = 4; lastKnownFileType = sourcecode.swift; path = NSAttributedStringExtension.swift; sourceTree = "<group>"; };
		66F84D091D1880F900B54B01 /* NSBundleExtensions.swift */ = {isa = PBXFileReference; fileEncoding = 4; lastKnownFileType = sourcecode.swift; path = NSBundleExtensions.swift; sourceTree = "<group>"; };
		66F84D0A1D1880F900B54B01 /* NSDateExtensions.swift */ = {isa = PBXFileReference; fileEncoding = 4; lastKnownFileType = sourcecode.swift; path = NSDateExtensions.swift; sourceTree = "<group>"; };
		66F84D0B1D1880F900B54B01 /* NSDictionaryExtensions.swift */ = {isa = PBXFileReference; fileEncoding = 4; lastKnownFileType = sourcecode.swift; path = NSDictionaryExtensions.swift; sourceTree = "<group>"; };
		66F84D0C1D1880F900B54B01 /* NSObjectExtensions.swift */ = {isa = PBXFileReference; fileEncoding = 4; lastKnownFileType = sourcecode.swift; path = NSObjectExtensions.swift; sourceTree = "<group>"; };
		66F84D0D1D1880F900B54B01 /* NSTimerExtensions.swift */ = {isa = PBXFileReference; fileEncoding = 4; lastKnownFileType = sourcecode.swift; path = NSTimerExtensions.swift; sourceTree = "<group>"; };
		66F84D0E1D1880F900B54B01 /* NSURLExtensions.swift */ = {isa = PBXFileReference; fileEncoding = 4; lastKnownFileType = sourcecode.swift; path = NSURLExtensions.swift; sourceTree = "<group>"; };
		66F84D0F1D1880F900B54B01 /* UIApplicationExtensions.swift */ = {isa = PBXFileReference; fileEncoding = 4; lastKnownFileType = sourcecode.swift; path = UIApplicationExtensions.swift; sourceTree = "<group>"; };
		66F84D111D1880F900B54B01 /* UIButton+Extensions.swift */ = {isa = PBXFileReference; fileEncoding = 4; lastKnownFileType = sourcecode.swift; path = "UIButton+Extensions.swift"; sourceTree = "<group>"; };
		66F84D131D1880F900B54B01 /* UIColorExtensions.swift */ = {isa = PBXFileReference; fileEncoding = 4; lastKnownFileType = sourcecode.swift; path = UIColorExtensions.swift; sourceTree = "<group>"; };
		66F84D141D1880F900B54B01 /* UIDeviceExtensions.swift */ = {isa = PBXFileReference; fileEncoding = 4; lastKnownFileType = sourcecode.swift; path = UIDeviceExtensions.swift; sourceTree = "<group>"; };
		66F84D151D1880F900B54B01 /* UIFontExtensions.swift */ = {isa = PBXFileReference; fileEncoding = 4; lastKnownFileType = sourcecode.swift; path = UIFontExtensions.swift; sourceTree = "<group>"; };
		66F84D161D1880F900B54B01 /* UIImageViewExtensions.swift */ = {isa = PBXFileReference; fileEncoding = 4; lastKnownFileType = sourcecode.swift; path = UIImageViewExtensions.swift; sourceTree = "<group>"; };
		66F84D171D1880F900B54B01 /* UILabelExtensions.swift */ = {isa = PBXFileReference; fileEncoding = 4; lastKnownFileType = sourcecode.swift; path = UILabelExtensions.swift; sourceTree = "<group>"; };
		66F84D181D1880F900B54B01 /* UISliderExtensions.swift */ = {isa = PBXFileReference; fileEncoding = 4; lastKnownFileType = sourcecode.swift; path = UISliderExtensions.swift; sourceTree = "<group>"; };
		66F84D191D1880F900B54B01 /* UISwitchExtensions.swift */ = {isa = PBXFileReference; fileEncoding = 4; lastKnownFileType = sourcecode.swift; path = UISwitchExtensions.swift; sourceTree = "<group>"; };
		66F84D1A1D1880F900B54B01 /* UITextViewExtensions.swift */ = {isa = PBXFileReference; fileEncoding = 4; lastKnownFileType = sourcecode.swift; path = UITextViewExtensions.swift; sourceTree = "<group>"; };
		66F84D1B1D1880F900B54B01 /* UIUserInterfaceSizeClassExtensions.swift */ = {isa = PBXFileReference; fileEncoding = 4; lastKnownFileType = sourcecode.swift; path = UIUserInterfaceSizeClassExtensions.swift; sourceTree = "<group>"; };
		66F84D1C1D1880F900B54B01 /* UIViewController+Size.swift */ = {isa = PBXFileReference; fileEncoding = 4; lastKnownFileType = sourcecode.swift; name = "UIViewController+Size.swift"; path = "SwiftBest/swiftMy/ExtentionsOthers/UIViewController+Size.swift"; sourceTree = SOURCE_ROOT; };
		66F84D1D1D1880F900B54B01 /* UIView+Extensions.swift */ = {isa = PBXFileReference; fileEncoding = 4; lastKnownFileType = sourcecode.swift; path = "UIView+Extensions.swift"; sourceTree = "<group>"; };
		66F84D1E1D1880F900B54B01 /* UIWindowExtensions.swift */ = {isa = PBXFileReference; fileEncoding = 4; lastKnownFileType = sourcecode.swift; path = UIWindowExtensions.swift; sourceTree = "<group>"; };
		66F84D1F1D1880F900B54B01 /* Functions.swift */ = {isa = PBXFileReference; fileEncoding = 4; lastKnownFileType = sourcecode.swift; path = Functions.swift; sourceTree = "<group>"; };
		66F84D211D1880F900B54B01 /* LoadingView.swift */ = {isa = PBXFileReference; fileEncoding = 4; lastKnownFileType = sourcecode.swift; path = LoadingView.swift; sourceTree = "<group>"; };
		66FB8A0B1D381ECA00937D6B /* DPTransparentEdgesScrollView.swift */ = {isa = PBXFileReference; fileEncoding = 4; lastKnownFileType = sourcecode.swift; path = DPTransparentEdgesScrollView.swift; sourceTree = "<group>"; };
		66FB8A0D1D3822C100937D6B /* DPTransparentEdgesTableView.swift */ = {isa = PBXFileReference; fileEncoding = 4; lastKnownFileType = sourcecode.swift; path = DPTransparentEdgesTableView.swift; sourceTree = "<group>"; };
		CE0F9A731D269E4E007D2F64 /* NSLocale+Language.swift */ = {isa = PBXFileReference; fileEncoding = 4; lastKnownFileType = sourcecode.swift; path = "NSLocale+Language.swift"; sourceTree = "<group>"; };
		CE0F9A751D269E6B007D2F64 /* PhoneNumberKit+Extensions.swift */ = {isa = PBXFileReference; fileEncoding = 4; lastKnownFileType = sourcecode.swift; path = "PhoneNumberKit+Extensions.swift"; sourceTree = "<group>"; };
		CE4D68C41D4B4FF8001AA8E5 /* BaseKeyboardController.swift */ = {isa = PBXFileReference; fileEncoding = 4; lastKnownFileType = sourcecode.swift; path = BaseKeyboardController.swift; sourceTree = "<group>"; };
		CE4D68CA1D4B8AB9001AA8E5 /* NSDate+string.swift */ = {isa = PBXFileReference; fileEncoding = 4; lastKnownFileType = sourcecode.swift; path = "NSDate+string.swift"; sourceTree = "<group>"; };
		CE6E3CE31D42063D00FA4C83 /* UIViewController+Child.swift */ = {isa = PBXFileReference; fileEncoding = 4; lastKnownFileType = sourcecode.swift; path = "UIViewController+Child.swift"; sourceTree = "<group>"; };
		CEA4494D1D4735D700097E6C /* UISwitch+Extensions.swift */ = {isa = PBXFileReference; fileEncoding = 4; lastKnownFileType = sourcecode.swift; path = "UISwitch+Extensions.swift"; sourceTree = "<group>"; };
		CEA4495A1D47406900097E6C /* UITabBarItem+Init.swift */ = {isa = PBXFileReference; fileEncoding = 4; lastKnownFileType = sourcecode.swift; path = "UITabBarItem+Init.swift"; sourceTree = "<group>"; };
		CEA4495C1D475B5000097E6C /* NSDate+dayBegining.swift */ = {isa = PBXFileReference; fileEncoding = 4; lastKnownFileType = sourcecode.swift; path = "NSDate+dayBegining.swift"; sourceTree = "<group>"; };
		CEA4495D1D475B5000097E6C /* NSDate+localizedString.swift */ = {isa = PBXFileReference; fileEncoding = 4; lastKnownFileType = sourcecode.swift; path = "NSDate+localizedString.swift"; sourceTree = "<group>"; };
		CEA4495E1D475B5000097E6C /* TableView.swift */ = {isa = PBXFileReference; fileEncoding = 4; lastKnownFileType = sourcecode.swift; path = TableView.swift; sourceTree = "<group>"; };
		CEA449621D475B6E00097E6C /* UIViewController+UIActivityIndicator.swift */ = {isa = PBXFileReference; fileEncoding = 4; lastKnownFileType = sourcecode.swift; path = "UIViewController+UIActivityIndicator.swift"; sourceTree = "<group>"; };
		CEA449681D47A67500097E6C /* UIViewController+ImagePicker.swift */ = {isa = PBXFileReference; fileEncoding = 4; lastKnownFileType = sourcecode.swift; path = "UIViewController+ImagePicker.swift"; sourceTree = "<group>"; };
		CEABED111D22BC8000455C05 /* LockView.swift */ = {isa = PBXFileReference; fileEncoding = 4; lastKnownFileType = sourcecode.swift; path = LockView.swift; sourceTree = "<group>"; };
		CEE3DD731D24062F007B3812 /* BlurView.swift */ = {isa = PBXFileReference; fileEncoding = 4; lastKnownFileType = sourcecode.swift; name = BlurView.swift; path = ../ExtentionsOthers/BlurView.swift; sourceTree = "<group>"; };
		CEEFF1171D37A6510042D70E /* UITableViewCell+Extensions.swift */ = {isa = PBXFileReference; fileEncoding = 4; lastKnownFileType = sourcecode.swift; path = "UITableViewCell+Extensions.swift"; sourceTree = "<group>"; };
		CEEFF12D1D38F6F00042D70E /* UICollectionView+Extensions.swift */ = {isa = PBXFileReference; fileEncoding = 4; lastKnownFileType = sourcecode.swift; path = "UICollectionView+Extensions.swift"; sourceTree = "<group>"; };
		CEF814D31D1D0B6300A5622B /* MKMapViewExtension.swift */ = {isa = PBXFileReference; fileEncoding = 4; lastKnownFileType = sourcecode.swift; path = MKMapViewExtension.swift; sourceTree = "<group>"; };
		CEF814D41D1D0B6300A5622B /* NSAttributedStringExtensions.swift */ = {isa = PBXFileReference; fileEncoding = 4; lastKnownFileType = sourcecode.swift; path = NSAttributedStringExtensions.swift; sourceTree = "<group>"; };
		CEF814D61D1D0B6300A5622B /* UISearchBar+TextField.swift */ = {isa = PBXFileReference; fileEncoding = 4; lastKnownFileType = sourcecode.swift; path = "UISearchBar+TextField.swift"; sourceTree = "<group>"; };
		CEF814D71D1D0B6300A5622B /* UITextField+Size.swift */ = {isa = PBXFileReference; fileEncoding = 4; lastKnownFileType = sourcecode.swift; path = "UITextField+Size.swift"; sourceTree = "<group>"; };
		CEF814D81D1D0B6300A5622B /* UIViewController+Navigation.swift */ = {isa = PBXFileReference; fileEncoding = 4; lastKnownFileType = sourcecode.swift; path = "UIViewController+Navigation.swift"; sourceTree = "<group>"; };
		CEF814E21D1D0D2500A5622B /* Alamofire+Extensions.swift */ = {isa = PBXFileReference; fileEncoding = 4; lastKnownFileType = sourcecode.swift; path = "Alamofire+Extensions.swift"; sourceTree = "<group>"; };
		CEF814E31D1D0D2500A5622B /* GMSMapView+Extensions.swift */ = {isa = PBXFileReference; fileEncoding = 4; lastKnownFileType = sourcecode.swift; path = "GMSMapView+Extensions.swift"; sourceTree = "<group>"; };
		CEF814E71D1D0E3600A5622B /* KeyboardLayoutConstraint.swift */ = {isa = PBXFileReference; fileEncoding = 4; lastKnownFileType = sourcecode.swift; path = KeyboardLayoutConstraint.swift; sourceTree = "<group>"; };
		CEF814EA1D1D0F5B00A5622B /* IsoCountries.swift */ = {isa = PBXFileReference; fileEncoding = 4; lastKnownFileType = sourcecode.swift; path = IsoCountries.swift; sourceTree = "<group>"; };
		CEF814EB1D1D0F5B00A5622B /* IsoCountryService.swift */ = {isa = PBXFileReference; fileEncoding = 4; lastKnownFileType = sourcecode.swift; path = IsoCountryService.swift; sourceTree = "<group>"; };
		CEF814EE1D1D0FB200A5622B /* FloatRatingView.swift */ = {isa = PBXFileReference; fileEncoding = 4; lastKnownFileType = sourcecode.swift; path = FloatRatingView.swift; sourceTree = "<group>"; };
		CEF814F01D1D0FE900A5622B /* KeychainSwiftDistrib.swift */ = {isa = PBXFileReference; fileEncoding = 4; lastKnownFileType = sourcecode.swift; path = KeychainSwiftDistrib.swift; sourceTree = "<group>"; };
		CEF814F21D1D2C2D00A5622B /* BlockSwipe.swift */ = {isa = PBXFileReference; fileEncoding = 4; lastKnownFileType = sourcecode.swift; name = BlockSwipe.swift; path = ../Classes/BlockSwipe.swift; sourceTree = "<group>"; };
		CEF814F31D1D2C2D00A5622B /* BlockTap.swift */ = {isa = PBXFileReference; fileEncoding = 4; lastKnownFileType = sourcecode.swift; name = BlockTap.swift; path = ../Classes/BlockTap.swift; sourceTree = "<group>"; };
		CEF815081D1D79B500A5622B /* Promise+Extensions.swift */ = {isa = PBXFileReference; fileEncoding = 4; lastKnownFileType = sourcecode.swift; path = "Promise+Extensions.swift"; sourceTree = "<group>"; };
/* End PBXFileReference section */

/* Begin PBXFrameworksBuildPhase section */
		66F84CCA1D1880AE00B54B01 /* Frameworks */ = {
			isa = PBXFrameworksBuildPhase;
			buildActionMask = 2147483647;
			files = (
			);
			runOnlyForDeploymentPostprocessing = 0;
		};
/* End PBXFrameworksBuildPhase section */

/* Begin PBXGroup section */
		6637E88B1D45466A00BBFB24 /* UIView+Gesture */ = {
			isa = PBXGroup;
			children = (
				6637E8891D45463400BBFB24 /* UIView+Gesture.swift */,
				CEF814F31D1D2C2D00A5622B /* BlockTap.swift */,
				CEF814F21D1D2C2D00A5622B /* BlockSwipe.swift */,
				66F84CFE1D1880F900B54B01 /* BlockPan.swift */,
				66F84CFD1D1880F900B54B01 /* BlockLongPress.swift */,
				66F84CFF1D1880F900B54B01 /* BlockPinch.swift */,
			);
			name = "UIView+Gesture";
			sourceTree = "<group>";
		};
		6637E8961D454F8A00BBFB24 /* UIImage */ = {
			isa = PBXGroup;
			children = (
				6637E8901D454C5500BBFB24 /* UIImage+Blur.swift */,
				6637E8941D454F6B00BBFB24 /* UIImage+Color.swift */,
				66AA1C3C1D456B8600B0B204 /* UIImage+Data.swift */,
				66AA1C3A1D456B3500B0B204 /* UIImage+New.swift */,
				66AA1C401D45704600B0B204 /* UIImage+Get */,
			);
			name = UIImage;
			sourceTree = "<group>";
		};
		663C36FA1D4C8AE70084B0DD /* support */ = {
			isa = PBXGroup;
			children = (
				66F84CD01D1880AF00B54B01 /* AppDelegate.swift */,
				66F84CD71D1880AF00B54B01 /* Assets.xcassets */,
				66F84CDC1D1880AF00B54B01 /* Info.plist */,
				66F84CD91D1880AF00B54B01 /* LaunchScreen.storyboard */,
			);
			name = support;
			sourceTree = "<group>";
		};
		66808E8A1D46B3E600ACCEAF /* Int */ = {
			isa = PBXGroup;
			children = (
				66F84D071D1880F900B54B01 /* Int+Extensions.swift */,
				66808E841D46B27D00ACCEAF /* Int+NSTimeInterval.swift */,
				66808E861D46B38700ACCEAF /* Int+Is.swift */,
				66808E881D46B3B000ACCEAF /* Int+To.swift */,
			);
			name = Int;
			sourceTree = "<group>";
		};
		66808E931D46B87600ACCEAF /* UITextField */ = {
			isa = PBXGroup;
			children = (
				CEF814D71D1D0B6300A5622B /* UITextField+Size.swift */,
				66808E911D46B7F900ACCEAF /* UITextField+Cursor.swift */,
				66808E8F1D46B70700ACCEAF /* UITextField+Range.swift */,
			);
			name = UITextField;
			sourceTree = "<group>";
		};
		66812BCD1D46C24400E3FD99 /* NSLocale */ = {
			isa = PBXGroup;
			children = (
				CE0F9A731D269E4E007D2F64 /* NSLocale+Language.swift */,
				66812BCB1D46C21900E3FD99 /* NSLocale+Phone.swift */,
			);
			name = NSLocale;
			sourceTree = "<group>";
		};
		66AA1C401D45704600B0B204 /* UIImage+Get */ = {
			isa = PBXGroup;
			children = (
				66AA1C381D456A8A00B0B204 /* UIImage+Get.swift */,
				66F84CF81D1880F900B54B01 /* UIImage+Aspect.swift */,
				66AA1C3E1D456F5400B0B204 /* CGSize+Aspect.swift */,
			);
			name = "UIImage+Get";
			sourceTree = "<group>";
		};
		66F84CC41D1880AE00B54B01 = {
			isa = PBXGroup;
			children = (
				66F84CCF1D1880AF00B54B01 /* SwiftBest */,
				66F84CCE1D1880AE00B54B01 /* Products */,
			);
			sourceTree = "<group>";
		};
		66F84CCE1D1880AE00B54B01 /* Products */ = {
			isa = PBXGroup;
			children = (
				66F84CCD1D1880AE00B54B01 /* SwiftBest.app */,
			);
			name = Products;
			sourceTree = "<group>";
		};
		66F84CCF1D1880AF00B54B01 /* SwiftBest */ = {
			isa = PBXGroup;
			children = (
				66F84CD41D1880AF00B54B01 /* Main.storyboard */,
				6686F7E11D19F2AB00A447C8 /* RailroadViewController.swift */,
				661F70DE1D3175970030B615 /* TableViewController.swift */,
				661F70E01D3175F30030B615 /* TableViewCell.swift */,
				66F84CD21D1880AF00B54B01 /* ViewController.swift */,
				663C36FA1D4C8AE70084B0DD /* support */,
				66F84CE21D1880F900B54B01 /* swiftMy */,
			);
			path = SwiftBest;
			sourceTree = "<group>";
		};
		66F84CE21D1880F900B54B01 /* swiftMy */ = {
			isa = PBXGroup;
			children = (
				66F84D1F1D1880F900B54B01 /* Functions.swift */,
				66F84D211D1880F900B54B01 /* LoadingView.swift */,
				66F84CF91D1880F900B54B01 /* NewExtentions.swift */,
				CEF814E61D1D0E3600A5622B /* Classes */,
				66F84CE31D1880F900B54B01 /* DesignableViews */,
				66F84CE51D1880F900B54B01 /* DesignableViewsOthers */,
				66F84CEE1D1880F900B54B01 /* Extentions */,
				66F84CFA1D1880F900B54B01 /* ExtentionsOthers */,
			);
			path = swiftMy;
			sourceTree = "<group>";
		};
		66F84CE31D1880F900B54B01 /* DesignableViews */ = {
			isa = PBXGroup;
			children = (
				6686F7E51D1B2D9200A447C8 /* DesignableButton.swift */,
				66F84CED1D1880F900B54B01 /* DesignableCheckbox.swift */,
				66F84CE41D1880F900B54B01 /* DesignableTextField.swift */,
				6686F7E91D1B475900A447C8 /* DesignableView.swift */,
			);
			path = DesignableViews;
			sourceTree = "<group>";
		};
		66F84CE51D1880F900B54B01 /* DesignableViewsOthers */ = {
			isa = PBXGroup;
			children = (
				6686F7E31D1B2D7E00A447C8 /* DesignableButton1.swift */,
				66F84CE71D1880F900B54B01 /* DesignableImageView.swift */,
				66F84CE81D1880F900B54B01 /* DesignableLabel.swift */,
				66F84CE91D1880F900B54B01 /* DesignableTabBarController.swift */,
				66F84CEA1D1880F900B54B01 /* DesignableTextField1.swift */,
				66F84CEB1D1880F900B54B01 /* DesignableTextView.swift */,
				6686F7E71D1B474100A447C8 /* DesignableView1.swift */,
			);
			path = DesignableViewsOthers;
			sourceTree = "<group>";
		};
		66F84CEE1D1880F900B54B01 /* Extentions */ = {
			isa = PBXGroup;
			children = (
				66F84CEF1D1880F900B54B01 /* ArrayExtensions.swift */,
				66F84CF21D1880F900B54B01 /* DictionaryExtensions.swift */,
				66F84CF31D1880F900B54B01 /* EZSwiftFunctions.swift */,
				CEF814D31D1D0B6300A5622B /* MKMapViewExtension.swift */,
				CEF814D41D1D0B6300A5622B /* NSAttributedStringExtensions.swift */,
				66F84CF51D1880F900B54B01 /* NSUserDefaultsExtension.swift */,
				66F84CF61D1880F900B54B01 /* StringExtensions.swift */,
				6654E9471D343B7E0079ACF7 /* UIStoryboardExtentions.swift */,
				CEA4494D1D4735D700097E6C /* UISwitch+Extensions.swift */,
				CEF814D61D1D0B6300A5622B /* UISearchBar+TextField.swift */,
				CEEFF12D1D38F6F00042D70E /* UICollectionView+Extensions.swift */,
				6654E9451D343AF90079ACF7 /* UITableView+Extensions.swift */,
				CEEFF1171D37A6510042D70E /* UITableViewCell+Extensions.swift */,
				66F84CF71D1880F900B54B01 /* UIAlertController+Extensions.swift */,
				66812BCD1D46C24400E3FD99 /* NSLocale */,
				66812BC91D46BFE600E3FD99 /* UIScreen+Extension.swift */,
				66808E821D46B14000ACCEAF /* CGPoint+WithNew.swift */,
				66808E801D46B0E700ACCEAF /* CGSize+WithNew.swift */,
				66F84D031D1880F900B54B01 /* CGRect+Size.swift */,
				66808E7E1D46AFC000ACCEAF /* CGRect+WithNew.swift */,
				66808E8B1D46B4D800ACCEAF /* UINavigationBar+Extension.swift */,
				66808E8D1D46B5F700ACCEAF /* UIScrollView+Extension.swift */,
				66808E941D46B8A900ACCEAF /* UITabBarController+Extension.swift */,
				CEA4495A1D47406900097E6C /* UITabBarItem+Init.swift */,
				66808E931D46B87600ACCEAF /* UITextField */,
				6637E8961D454F8A00BBFB24 /* UIImage */,
				CE6E3CE51D42065600FA4C83 /* UIViewController */,
				CEE3DD751D240636007B3812 /* UIViewExtensions */,
			);
			path = Extentions;
			sourceTree = "<group>";
		};
		66F84CFA1D1880F900B54B01 /* ExtentionsOthers */ = {
			isa = PBXGroup;
			children = (
				66808E7C1D457BC900ACCEAF /* NSNotificationCenter+Extension.swift */,
				CEF815081D1D79B500A5622B /* Promise+Extensions.swift */,
				CE0F9A751D269E6B007D2F64 /* PhoneNumberKit+Extensions.swift */,
				CEF814E21D1D0D2500A5622B /* Alamofire+Extensions.swift */,
				CEF814E31D1D0D2500A5622B /* GMSMapView+Extensions.swift */,
				66F84D111D1880F900B54B01 /* UIButton+Extensions.swift */,
				66F84D011D1880F900B54B01 /* Bool+Extensions.swift */,
				66808E8A1D46B3E600ACCEAF /* Int */,
				66F84CFB1D1880F900B54B01 /* !site.txt */,
				66812BCE1D46C4E600E3FD99 /* NSIndexPath+Extensions.swift */,
				66812BD01D46C59600E3FD99 /* Collections.swift */,
				66F84D001D1880F900B54B01 /* BlockWebView.swift */,
				66F84D021D1880F900B54B01 /* CGFloatExtensions.swift */,
				66F84D041D1880F900B54B01 /* CharacterExtensions.swift */,
				66F84D051D1880F900B54B01 /* DoubleExtensions.swift */,
				66F84D061D1880F900B54B01 /* ErrorTypeExtensions.swift */,
				66F84D081D1880F900B54B01 /* NSAttributedStringExtension.swift */,
				66F84D091D1880F900B54B01 /* NSBundleExtensions.swift */,
				66F84D0A1D1880F900B54B01 /* NSDateExtensions.swift */,
				66F84D0B1D1880F900B54B01 /* NSDictionaryExtensions.swift */,
				66F84D0C1D1880F900B54B01 /* NSObjectExtensions.swift */,
				66F84D0D1D1880F900B54B01 /* NSTimerExtensions.swift */,
				66F84D0E1D1880F900B54B01 /* NSURLExtensions.swift */,
				66F84D0F1D1880F900B54B01 /* UIApplicationExtensions.swift */,
				66F84D131D1880F900B54B01 /* UIColorExtensions.swift */,
				66F84D141D1880F900B54B01 /* UIDeviceExtensions.swift */,
				66F84D151D1880F900B54B01 /* UIFontExtensions.swift */,
				66F84D161D1880F900B54B01 /* UIImageViewExtensions.swift */,
				66F84D171D1880F900B54B01 /* UILabelExtensions.swift */,
				66F84D181D1880F900B54B01 /* UISliderExtensions.swift */,
				66F84D191D1880F900B54B01 /* UISwitchExtensions.swift */,
				66F84D1A1D1880F900B54B01 /* UITextViewExtensions.swift */,
				66F84D1B1D1880F900B54B01 /* UIUserInterfaceSizeClassExtensions.swift */,
				66F84D1E1D1880F900B54B01 /* UIWindowExtensions.swift */,
				CEA4495C1D475B5000097E6C /* NSDate+dayBegining.swift */,
				CE4D68CA1D4B8AB9001AA8E5 /* NSDate+string.swift */,
				CEA4495D1D475B5000097E6C /* NSDate+localizedString.swift */,
				CEA449621D475B6E00097E6C /* UIViewController+UIActivityIndicator.swift */,
				CEA4495E1D475B5000097E6C /* TableView.swift */,
				6637E8971D45507E00BBFB24 /* RandomNumber.swift */,
				66812BD21D46C9DA00E3FD99 /* Binary.swift */,
			);
			path = ExtentionsOthers;
			sourceTree = "<group>";
		};
		CE6E3CE51D42065600FA4C83 /* UIViewController */ = {
			isa = PBXGroup;
			children = (
				6637E8991D455BFD00BBFB24 /* UIViewController+Extentions.swift */,
				6637E87D1D45428300BBFB24 /* UIViewController+Bar.swift */,
				66808E961D46BAF300ACCEAF /* UIViewController+TabBar.swift */,
				6637E8791D453A4D00BBFB24 /* UIViewController+Text.swift */,
				6637E8751D45396000BBFB24 /* UIViewController+Segue.swift */,
				CE6E3CE31D42063D00FA4C83 /* UIViewController+Child.swift */,
				6637E8771D4539D900BBFB24 /* UIViewController+Network.swift */,
				CEA449681D47A67500097E6C /* UIViewController+ImagePicker.swift */,
				CEF814D81D1D0B6300A5622B /* UIViewController+Navigation.swift */,
				6637E87B1D453CB900BBFB24 /* UIViewController+Notifications.swift */,
				66F84D1C1D1880F900B54B01 /* UIViewController+Size.swift */,
			);
			name = UIViewController;
			sourceTree = "<group>";
		};
		CEE3DD751D240636007B3812 /* UIViewExtensions */ = {
			isa = PBXGroup;
			children = (
				66F84D1D1D1880F900B54B01 /* UIView+Extensions.swift */,
				6637E88E1D4547B400BBFB24 /* UIView+Init.swift */,
				6637E8811D45446E00BBFB24 /* UIView+Frame.swift */,
				6637E8831D45452600BBFB24 /* UIView+SubViews.swift */,
				6637E8871D4545B200BBFB24 /* UIView+Layer.swift */,
				6637E8851D45455100BBFB24 /* UIView+Transform.swift */,
				6637E88C1D45475B00BBFB24 /* UIView+Animation.swift */,
				6637E8921D454DF500BBFB24 /* UIView+Blurable(9.0+).swift */,
				6637E87F1D45439C00BBFB24 /* UIView+Add.swift */,
				6637E88B1D45466A00BBFB24 /* UIView+Gesture */,
			);
			name = UIViewExtensions;
			path = SwiftBest/swiftMy/ExtentionsOthers;
			sourceTree = SOURCE_ROOT;
		};
		CEF814E61D1D0E3600A5622B /* Classes */ = {
			isa = PBXGroup;
			children = (
				CEF814E91D1D0F5B00A5622B /* IsoCountryService */,
				CEF814EE1D1D0FB200A5622B /* FloatRatingView.swift */,
				CEF814E71D1D0E3600A5622B /* KeyboardLayoutConstraint.swift */,
				CEF814F01D1D0FE900A5622B /* KeychainSwiftDistrib.swift */,
				CEABED111D22BC8000455C05 /* LockView.swift */,
				66FB8A0B1D381ECA00937D6B /* DPTransparentEdgesScrollView.swift */,
				66FB8A0D1D3822C100937D6B /* DPTransparentEdgesTableView.swift */,
				CEE3DD731D24062F007B3812 /* BlurView.swift */,
				66F84CFC1D1880F900B54B01 /* BlockButton.swift */,
				663C36F11D4AA1B20084B0DD /* Reachability.swift */,
				663C36F31D4AA5F50084B0DD /* ResizableCollectionView.swift */,
				CE4D68C41D4B4FF8001AA8E5 /* BaseKeyboardController.swift */,
			);
			path = Classes;
			sourceTree = "<group>";
		};
		CEF814E91D1D0F5B00A5622B /* IsoCountryService */ = {
			isa = PBXGroup;
			children = (
				CEF814EA1D1D0F5B00A5622B /* IsoCountries.swift */,
				CEF814EB1D1D0F5B00A5622B /* IsoCountryService.swift */,
			);
			path = IsoCountryService;
			sourceTree = "<group>";
		};
/* End PBXGroup section */

/* Begin PBXNativeTarget section */
		66F84CCC1D1880AE00B54B01 /* SwiftBest */ = {
			isa = PBXNativeTarget;
			buildConfigurationList = 66F84CDF1D1880AF00B54B01 /* Build configuration list for PBXNativeTarget "SwiftBest" */;
			buildPhases = (
				66F84CC91D1880AE00B54B01 /* Sources */,
				66F84CCA1D1880AE00B54B01 /* Frameworks */,
				66F84CCB1D1880AE00B54B01 /* Resources */,
				663C36FB1D4CA1FB0084B0DD /* ShellScript */,
			);
			buildRules = (
			);
			dependencies = (
			);
			name = SwiftBest;
			productName = SwiftBest;
			productReference = 66F84CCD1D1880AE00B54B01 /* SwiftBest.app */;
			productType = "com.apple.product-type.application";
		};
/* End PBXNativeTarget section */

/* Begin PBXProject section */
		66F84CC51D1880AE00B54B01 /* Project object */ = {
			isa = PBXProject;
			attributes = {
				LastSwiftUpdateCheck = 0730;
				LastUpgradeCheck = 0730;
				ORGANIZATIONNAME = "Bondar Yaroslav";
				TargetAttributes = {
					66F84CCC1D1880AE00B54B01 = {
						CreatedOnToolsVersion = 7.3;
					};
				};
			};
			buildConfigurationList = 66F84CC81D1880AE00B54B01 /* Build configuration list for PBXProject "SwiftBest" */;
			compatibilityVersion = "Xcode 3.2";
			developmentRegion = English;
			hasScannedForEncodings = 0;
			knownRegions = (
				en,
				Base,
			);
			mainGroup = 66F84CC41D1880AE00B54B01;
			productRefGroup = 66F84CCE1D1880AE00B54B01 /* Products */;
			projectDirPath = "";
			projectRoot = "";
			targets = (
				66F84CCC1D1880AE00B54B01 /* SwiftBest */,
			);
		};
/* End PBXProject section */

/* Begin PBXResourcesBuildPhase section */
		66F84CCB1D1880AE00B54B01 /* Resources */ = {
			isa = PBXResourcesBuildPhase;
			buildActionMask = 2147483647;
			files = (
				66F84CDB1D1880AF00B54B01 /* LaunchScreen.storyboard in Resources */,
				66F84D361D1880F900B54B01 /* !site.txt in Resources */,
				66F84CD81D1880AF00B54B01 /* Assets.xcassets in Resources */,
				66F84CD61D1880AF00B54B01 /* Main.storyboard in Resources */,
			);
			runOnlyForDeploymentPostprocessing = 0;
		};
/* End PBXResourcesBuildPhase section */

/* Begin PBXShellScriptBuildPhase section */
		663C36FB1D4CA1FB0084B0DD /* ShellScript */ = {
			isa = PBXShellScriptBuildPhase;
			buildActionMask = 2147483647;
			files = (
			);
			inputPaths = (
			);
			outputPaths = (
			);
			runOnlyForDeploymentPostprocessing = 0;
			shellPath = /bin/sh;
			shellScript = "TAGS=\"TODO:|FIXME:\"\nfind \"${SRCROOT}\" \\( -name \"*.h\" -or -name \"*.m\" -or -name \"*.swift\" \\) -print0 | xargs -0 egrep --with-filename --line-number --only-matching \"($TAGS).*\\$\" | perl -p -e \"s/($TAGS)/ warning: \\$1/\"";
		};
/* End PBXShellScriptBuildPhase section */

/* Begin PBXSourcesBuildPhase section */
		66F84CC91D1880AE00B54B01 /* Sources */ = {
			isa = PBXSourcesBuildPhase;
			buildActionMask = 2147483647;
			files = (
				66F84CD31D1880AF00B54B01 /* ViewController.swift in Sources */,
				66812BCA1D46BFE600E3FD99 /* UIScreen+Extension.swift in Sources */,
				CEF814DA1D1D0B6300A5622B /* MKMapViewExtension.swift in Sources */,
				66F84D241D1880F900B54B01 /* DesignableImageView.swift in Sources */,
				66F84D431D1880F900B54B01 /* NSAttributedStringExtension.swift in Sources */,
				6686F7E21D19F2AB00A447C8 /* RailroadViewController.swift in Sources */,
				CEA449691D47A67500097E6C /* UIViewController+ImagePicker.swift in Sources */,
				CEF815091D1D79B500A5622B /* Promise+Extensions.swift in Sources */,
				6637E87C1D453CB900BBFB24 /* UIViewController+Notifications.swift in Sources */,
				66812BCC1D46C21900E3FD99 /* NSLocale+Phone.swift in Sources */,
				CEF814EF1D1D0FB200A5622B /* FloatRatingView.swift in Sources */,
				CEABED121D22BC8000455C05 /* LockView.swift in Sources */,
				66F84D451D1880F900B54B01 /* NSDateExtensions.swift in Sources */,
				66F84D331D1880F900B54B01 /* UIAlertController+Extensions.swift in Sources */,
				66F84D5A1D1880F900B54B01 /* Functions.swift in Sources */,
				66F84D541D1880F900B54B01 /* UISwitchExtensions.swift in Sources */,
				CE0F9A761D269E6B007D2F64 /* PhoneNumberKit+Extensions.swift in Sources */,
				66F84D3A1D1880F900B54B01 /* BlockPinch.swift in Sources */,
				661F70DF1D3175970030B615 /* TableViewController.swift in Sources */,
				66F84D421D1880F900B54B01 /* Int+Extensions.swift in Sources */,
				66AA1C3F1D456F5400B0B204 /* CGSize+Aspect.swift in Sources */,
				663C36F21D4AA1B20084B0DD /* Reachability.swift in Sources */,
				CE4D68C51D4B4FF8001AA8E5 /* BaseKeyboardController.swift in Sources */,
				66808E951D46B8A900ACCEAF /* UITabBarController+Extension.swift in Sources */,
				CEA449611D475B5000097E6C /* TableView.swift in Sources */,
				CEF814E41D1D0D2500A5622B /* Alamofire+Extensions.swift in Sources */,
				66F84D561D1880F900B54B01 /* UIUserInterfaceSizeClassExtensions.swift in Sources */,
				66F84D571D1880F900B54B01 /* UIViewController+Size.swift in Sources */,
				CEF814ED1D1D0F5B00A5622B /* IsoCountryService.swift in Sources */,
				66F84D3D1D1880F900B54B01 /* CGFloatExtensions.swift in Sources */,
				CEF814DF1D1D0B6300A5622B /* UIViewController+Navigation.swift in Sources */,
				CEF814F11D1D0FE900A5622B /* KeychainSwiftDistrib.swift in Sources */,
				66F84D3E1D1880F900B54B01 /* CGRect+Size.swift in Sources */,
				66812BD11D46C59600E3FD99 /* Collections.swift in Sources */,
				CEA4495F1D475B5000097E6C /* NSDate+dayBegining.swift in Sources */,
				6637E8781D4539D900BBFB24 /* UIViewController+Network.swift in Sources */,
				CEF814E81D1D0E3600A5622B /* KeyboardLayoutConstraint.swift in Sources */,
				66F84D391D1880F900B54B01 /* BlockPan.swift in Sources */,
				66F84D591D1880F900B54B01 /* UIWindowExtensions.swift in Sources */,
				6686F7E81D1B474100A447C8 /* DesignableView1.swift in Sources */,
				6637E8861D45455100BBFB24 /* UIView+Transform.swift in Sources */,
				6637E8951D454F6B00BBFB24 /* UIImage+Color.swift in Sources */,
				66F84D511D1880F900B54B01 /* UIImageViewExtensions.swift in Sources */,
				66F84D481D1880F900B54B01 /* NSTimerExtensions.swift in Sources */,
				66F84D4E1D1880F900B54B01 /* UIColorExtensions.swift in Sources */,
				66808E891D46B3B000ACCEAF /* Int+To.swift in Sources */,
				66808E971D46BAF300ACCEAF /* UIViewController+TabBar.swift in Sources */,
				CEA449631D475B6E00097E6C /* UIViewController+UIActivityIndicator.swift in Sources */,
				66F84D221D1880F900B54B01 /* DesignableTextField.swift in Sources */,
				6637E88D1D45475B00BBFB24 /* UIView+Animation.swift in Sources */,
				66F84D281D1880F900B54B01 /* DesignableTextView.swift in Sources */,
				6637E8931D454DF500BBFB24 /* UIView+Blurable(9.0+).swift in Sources */,
				6637E87E1D45428300BBFB24 /* UIViewController+Bar.swift in Sources */,
				66F84D2E1D1880F900B54B01 /* DictionaryExtensions.swift in Sources */,
				66808E901D46B70700ACCEAF /* UITextField+Range.swift in Sources */,
				66F84D4C1D1880F900B54B01 /* UIButton+Extensions.swift in Sources */,
				6686F7E61D1B2D9200A447C8 /* DesignableButton.swift in Sources */,
				66F84D311D1880F900B54B01 /* NSUserDefaultsExtension.swift in Sources */,
				6686F7E41D1B2D7E00A447C8 /* DesignableButton1.swift in Sources */,
				66F84D461D1880F900B54B01 /* NSDictionaryExtensions.swift in Sources */,
				6637E8841D45452600BBFB24 /* UIView+SubViews.swift in Sources */,
				663C36F41D4AA5F50084B0DD /* ResizableCollectionView.swift in Sources */,
				66F84D341D1880F900B54B01 /* UIImage+Aspect.swift in Sources */,
				CEF814F41D1D2C2D00A5622B /* BlockSwipe.swift in Sources */,
				6637E8881D4545B200BBFB24 /* UIView+Layer.swift in Sources */,
				66F84D2F1D1880F900B54B01 /* EZSwiftFunctions.swift in Sources */,
				66808E851D46B27D00ACCEAF /* Int+NSTimeInterval.swift in Sources */,
				CEF814E51D1D0D2500A5622B /* GMSMapView+Extensions.swift in Sources */,
				CEF814DD1D1D0B6300A5622B /* UISearchBar+TextField.swift in Sources */,
				CEF814F51D1D2C2D00A5622B /* BlockTap.swift in Sources */,
				66F84CD11D1880AF00B54B01 /* AppDelegate.swift in Sources */,
				66F84D251D1880F900B54B01 /* DesignableLabel.swift in Sources */,
				66F84D4F1D1880F900B54B01 /* UIDeviceExtensions.swift in Sources */,
				66808E7D1D457BC900ACCEAF /* NSNotificationCenter+Extension.swift in Sources */,
				6637E8911D454C5500BBFB24 /* UIImage+Blur.swift in Sources */,
				6686F7EA1D1B475900A447C8 /* DesignableView.swift in Sources */,
				66F84D351D1880F900B54B01 /* NewExtentions.swift in Sources */,
				66812BCF1D46C4E600E3FD99 /* NSIndexPath+Extensions.swift in Sources */,
				6637E8801D45439C00BBFB24 /* UIView+Add.swift in Sources */,
				66FB8A0C1D381ECA00937D6B /* DPTransparentEdgesScrollView.swift in Sources */,
				66F84D271D1880F900B54B01 /* DesignableTextField1.swift in Sources */,
				CEA449601D475B5000097E6C /* NSDate+localizedString.swift in Sources */,
				66F84D441D1880F900B54B01 /* NSBundleExtensions.swift in Sources */,
				CE0F9A741D269E4E007D2F64 /* NSLocale+Language.swift in Sources */,
				66F84D2B1D1880F900B54B01 /* ArrayExtensions.swift in Sources */,
				66F84D3C1D1880F900B54B01 /* Bool+Extensions.swift in Sources */,
				66F84D491D1880F900B54B01 /* NSURLExtensions.swift in Sources */,
				CEF814DE1D1D0B6300A5622B /* UITextField+Size.swift in Sources */,
				CEF814DB1D1D0B6300A5622B /* NSAttributedStringExtensions.swift in Sources */,
				6637E8761D45396000BBFB24 /* UIViewController+Segue.swift in Sources */,
				66808E871D46B38700ACCEAF /* Int+Is.swift in Sources */,
				CEEFF12E1D38F6F00042D70E /* UICollectionView+Extensions.swift in Sources */,
				CEA4495B1D47406900097E6C /* UITabBarItem+Init.swift in Sources */,
				66F84D4A1D1880F900B54B01 /* UIApplicationExtensions.swift in Sources */,
				66F84D551D1880F900B54B01 /* UITextViewExtensions.swift in Sources */,
				6637E8981D45507E00BBFB24 /* RandomNumber.swift in Sources */,
				6637E8821D45446E00BBFB24 /* UIView+Frame.swift in Sources */,
				CEF814EC1D1D0F5B00A5622B /* IsoCountries.swift in Sources */,
				66F84D2A1D1880F900B54B01 /* DesignableCheckbox.swift in Sources */,
				66AA1C3B1D456B3500B0B204 /* UIImage+New.swift in Sources */,
				66AA1C3D1D456B8600B0B204 /* UIImage+Data.swift in Sources */,
				66F84D3B1D1880F900B54B01 /* BlockWebView.swift in Sources */,
				661F70E11D3175F30030B615 /* TableViewCell.swift in Sources */,
				CE6E3CE41D42063D00FA4C83 /* UIViewController+Child.swift in Sources */,
				66808E7F1D46AFC000ACCEAF /* CGRect+WithNew.swift in Sources */,
				66AA1C391D456A8A00B0B204 /* UIImage+Get.swift in Sources */,
				66FB8A0E1D3822C100937D6B /* DPTransparentEdgesTableView.swift in Sources */,
				66F84D501D1880F900B54B01 /* UIFontExtensions.swift in Sources */,
				66F84D3F1D1880F900B54B01 /* CharacterExtensions.swift in Sources */,
				66808E811D46B0E700ACCEAF /* CGSize+WithNew.swift in Sources */,
				CEEFF1181D37A6510042D70E /* UITableViewCell+Extensions.swift in Sources */,
				66F84D521D1880F900B54B01 /* UILabelExtensions.swift in Sources */,
				66F84D371D1880F900B54B01 /* BlockButton.swift in Sources */,
				66F84D401D1880F900B54B01 /* DoubleExtensions.swift in Sources */,
				6654E9481D343B7E0079ACF7 /* UIStoryboardExtentions.swift in Sources */,
				66F84D261D1880F900B54B01 /* DesignableTabBarController.swift in Sources */,
				66F84D5C1D1880F900B54B01 /* LoadingView.swift in Sources */,
				66F84D581D1880F900B54B01 /* UIView+Extensions.swift in Sources */,
				66F84D531D1880F900B54B01 /* UISliderExtensions.swift in Sources */,
				66808E831D46B14000ACCEAF /* CGPoint+WithNew.swift in Sources */,
				6654E9461D343AF90079ACF7 /* UITableView+Extensions.swift in Sources */,
				6637E89A1D455BFD00BBFB24 /* UIViewController+Extentions.swift in Sources */,
				66F84D471D1880F900B54B01 /* NSObjectExtensions.swift in Sources */,
				6637E88A1D45463400BBFB24 /* UIView+Gesture.swift in Sources */,
				66808E921D46B7F900ACCEAF /* UITextField+Cursor.swift in Sources */,
				6637E88F1D4547B400BBFB24 /* UIView+Init.swift in Sources */,
				66808E8E1D46B5F700ACCEAF /* UIScrollView+Extension.swift in Sources */,
				66F84D321D1880F900B54B01 /* StringExtensions.swift in Sources */,
				6637E87A1D453A4D00BBFB24 /* UIViewController+Text.swift in Sources */,
				CEE3DD741D24062F007B3812 /* BlurView.swift in Sources */,
				66F84D381D1880F900B54B01 /* BlockLongPress.swift in Sources */,
				66F84D411D1880F900B54B01 /* ErrorTypeExtensions.swift in Sources */,
				CEA4494E1D4735D700097E6C /* UISwitch+Extensions.swift in Sources */,
				66808E8C1D46B4D800ACCEAF /* UINavigationBar+Extension.swift in Sources */,
				66812BD31D46C9DA00E3FD99 /* Binary.swift in Sources */,
				CE4D68CB1D4B8AB9001AA8E5 /* NSDate+string.swift in Sources */,
			);
			runOnlyForDeploymentPostprocessing = 0;
		};
/* End PBXSourcesBuildPhase section */

/* Begin PBXVariantGroup section */
		66F84CD41D1880AF00B54B01 /* Main.storyboard */ = {
			isa = PBXVariantGroup;
			children = (
				66F84CD51D1880AF00B54B01 /* Base */,
			);
			name = Main.storyboard;
			path = .;
			sourceTree = "<group>";
		};
		66F84CD91D1880AF00B54B01 /* LaunchScreen.storyboard */ = {
			isa = PBXVariantGroup;
			children = (
				66F84CDA1D1880AF00B54B01 /* Base */,
			);
			name = LaunchScreen.storyboard;
			path = .;
			sourceTree = "<group>";
		};
/* End PBXVariantGroup section */

/* Begin XCBuildConfiguration section */
		66F84CDD1D1880AF00B54B01 /* Debug */ = {
			isa = XCBuildConfiguration;
			buildSettings = {
				ALWAYS_SEARCH_USER_PATHS = NO;
				CLANG_ANALYZER_NONNULL = YES;
				CLANG_CXX_LANGUAGE_STANDARD = "gnu++0x";
				CLANG_CXX_LIBRARY = "libc++";
				CLANG_ENABLE_MODULES = YES;
				CLANG_ENABLE_OBJC_ARC = YES;
				CLANG_WARN_BOOL_CONVERSION = YES;
				CLANG_WARN_CONSTANT_CONVERSION = YES;
				CLANG_WARN_DIRECT_OBJC_ISA_USAGE = YES_ERROR;
				CLANG_WARN_EMPTY_BODY = YES;
				CLANG_WARN_ENUM_CONVERSION = YES;
				CLANG_WARN_INT_CONVERSION = YES;
				CLANG_WARN_OBJC_ROOT_CLASS = YES_ERROR;
				CLANG_WARN_UNREACHABLE_CODE = YES;
				CLANG_WARN__DUPLICATE_METHOD_MATCH = YES;
				"CODE_SIGN_IDENTITY[sdk=iphoneos*]" = "iPhone Developer";
				COPY_PHASE_STRIP = NO;
				DEBUG_INFORMATION_FORMAT = dwarf;
				ENABLE_STRICT_OBJC_MSGSEND = YES;
				ENABLE_TESTABILITY = YES;
				GCC_C_LANGUAGE_STANDARD = gnu99;
				GCC_DYNAMIC_NO_PIC = NO;
				GCC_NO_COMMON_BLOCKS = YES;
				GCC_OPTIMIZATION_LEVEL = 0;
				GCC_PREPROCESSOR_DEFINITIONS = (
					"DEBUG=1",
					"$(inherited)",
				);
				GCC_WARN_64_TO_32_BIT_CONVERSION = YES;
				GCC_WARN_ABOUT_RETURN_TYPE = YES_ERROR;
				GCC_WARN_UNDECLARED_SELECTOR = YES;
				GCC_WARN_UNINITIALIZED_AUTOS = YES_AGGRESSIVE;
				GCC_WARN_UNUSED_FUNCTION = YES;
				GCC_WARN_UNUSED_VARIABLE = YES;
				IPHONEOS_DEPLOYMENT_TARGET = 9.3;
				MTL_ENABLE_DEBUG_INFO = YES;
				ONLY_ACTIVE_ARCH = YES;
				SDKROOT = iphoneos;
				SWIFT_OPTIMIZATION_LEVEL = "-Onone";
			};
			name = Debug;
		};
		66F84CDE1D1880AF00B54B01 /* Release */ = {
			isa = XCBuildConfiguration;
			buildSettings = {
				ALWAYS_SEARCH_USER_PATHS = NO;
				CLANG_ANALYZER_NONNULL = YES;
				CLANG_CXX_LANGUAGE_STANDARD = "gnu++0x";
				CLANG_CXX_LIBRARY = "libc++";
				CLANG_ENABLE_MODULES = YES;
				CLANG_ENABLE_OBJC_ARC = YES;
				CLANG_WARN_BOOL_CONVERSION = YES;
				CLANG_WARN_CONSTANT_CONVERSION = YES;
				CLANG_WARN_DIRECT_OBJC_ISA_USAGE = YES_ERROR;
				CLANG_WARN_EMPTY_BODY = YES;
				CLANG_WARN_ENUM_CONVERSION = YES;
				CLANG_WARN_INT_CONVERSION = YES;
				CLANG_WARN_OBJC_ROOT_CLASS = YES_ERROR;
				CLANG_WARN_UNREACHABLE_CODE = YES;
				CLANG_WARN__DUPLICATE_METHOD_MATCH = YES;
				"CODE_SIGN_IDENTITY[sdk=iphoneos*]" = "iPhone Developer";
				COPY_PHASE_STRIP = NO;
				DEBUG_INFORMATION_FORMAT = "dwarf-with-dsym";
				ENABLE_NS_ASSERTIONS = NO;
				ENABLE_STRICT_OBJC_MSGSEND = YES;
				GCC_C_LANGUAGE_STANDARD = gnu99;
				GCC_NO_COMMON_BLOCKS = YES;
				GCC_WARN_64_TO_32_BIT_CONVERSION = YES;
				GCC_WARN_ABOUT_RETURN_TYPE = YES_ERROR;
				GCC_WARN_UNDECLARED_SELECTOR = YES;
				GCC_WARN_UNINITIALIZED_AUTOS = YES_AGGRESSIVE;
				GCC_WARN_UNUSED_FUNCTION = YES;
				GCC_WARN_UNUSED_VARIABLE = YES;
				IPHONEOS_DEPLOYMENT_TARGET = 9.3;
				MTL_ENABLE_DEBUG_INFO = NO;
				SDKROOT = iphoneos;
				VALIDATE_PRODUCT = YES;
			};
			name = Release;
		};
		66F84CE01D1880AF00B54B01 /* Debug */ = {
			isa = XCBuildConfiguration;
			buildSettings = {
				ASSETCATALOG_COMPILER_APPICON_NAME = AppIcon;
				INFOPLIST_FILE = SwiftBest/Info.plist;
				IPHONEOS_DEPLOYMENT_TARGET = 8.0;
				LD_RUNPATH_SEARCH_PATHS = "$(inherited) @executable_path/Frameworks";
				PRODUCT_BUNDLE_IDENTIFIER = BY.SwiftBest;
				PRODUCT_NAME = "$(TARGET_NAME)";
			};
			name = Debug;
		};
		66F84CE11D1880AF00B54B01 /* Release */ = {
			isa = XCBuildConfiguration;
			buildSettings = {
				ASSETCATALOG_COMPILER_APPICON_NAME = AppIcon;
				INFOPLIST_FILE = SwiftBest/Info.plist;
				IPHONEOS_DEPLOYMENT_TARGET = 8.0;
				LD_RUNPATH_SEARCH_PATHS = "$(inherited) @executable_path/Frameworks";
				PRODUCT_BUNDLE_IDENTIFIER = BY.SwiftBest;
				PRODUCT_NAME = "$(TARGET_NAME)";
			};
			name = Release;
		};
/* End XCBuildConfiguration section */

/* Begin XCConfigurationList section */
		66F84CC81D1880AE00B54B01 /* Build configuration list for PBXProject "SwiftBest" */ = {
			isa = XCConfigurationList;
			buildConfigurations = (
				66F84CDD1D1880AF00B54B01 /* Debug */,
				66F84CDE1D1880AF00B54B01 /* Release */,
			);
			defaultConfigurationIsVisible = 0;
			defaultConfigurationName = Release;
		};
		66F84CDF1D1880AF00B54B01 /* Build configuration list for PBXNativeTarget "SwiftBest" */ = {
			isa = XCConfigurationList;
			buildConfigurations = (
				66F84CE01D1880AF00B54B01 /* Debug */,
				66F84CE11D1880AF00B54B01 /* Release */,
			);
			defaultConfigurationIsVisible = 0;
			defaultConfigurationName = Release;
		};
/* End XCConfigurationList section */
	};
	rootObject = 66F84CC51D1880AE00B54B01 /* Project object */;
}
