// !$*UTF8*$!
{
	archiveVersion = 1;
	classes = {
	};
	objectVersion = 46;
	objects = {

/* Begin PBXBuildFile section */
		6686F7E21D19F2AB00A447C8 /* RailroadViewController.swift in Sources */ = {isa = PBXBuildFile; fileRef = 6686F7E11D19F2AB00A447C8 /* RailroadViewController.swift */; };
		6686F7E41D1B2D7E00A447C8 /* DesignableButton1.swift in Sources */ = {isa = PBXBuildFile; fileRef = 6686F7E31D1B2D7E00A447C8 /* DesignableButton1.swift */; };
		6686F7E61D1B2D9200A447C8 /* DesignableButton.swift in Sources */ = {isa = PBXBuildFile; fileRef = 6686F7E51D1B2D9200A447C8 /* DesignableButton.swift */; };
		6686F7E81D1B474100A447C8 /* DesignableView1.swift in Sources */ = {isa = PBXBuildFile; fileRef = 6686F7E71D1B474100A447C8 /* DesignableView1.swift */; };
		6686F7EA1D1B475900A447C8 /* DesignableView.swift in Sources */ = {isa = PBXBuildFile; fileRef = 6686F7E91D1B475900A447C8 /* DesignableView.swift */; };
		66F84CD11D1880AF00B54B01 /* AppDelegate.swift in Sources */ = {isa = PBXBuildFile; fileRef = 66F84CD01D1880AF00B54B01 /* AppDelegate.swift */; };
		66F84CD31D1880AF00B54B01 /* ViewController.swift in Sources */ = {isa = PBXBuildFile; fileRef = 66F84CD21D1880AF00B54B01 /* ViewController.swift */; };
		66F84CD61D1880AF00B54B01 /* Main.storyboard in Resources */ = {isa = PBXBuildFile; fileRef = 66F84CD41D1880AF00B54B01 /* Main.storyboard */; };
		66F84CD81D1880AF00B54B01 /* Assets.xcassets in Resources */ = {isa = PBXBuildFile; fileRef = 66F84CD71D1880AF00B54B01 /* Assets.xcassets */; };
		66F84CDB1D1880AF00B54B01 /* LaunchScreen.storyboard in Resources */ = {isa = PBXBuildFile; fileRef = 66F84CD91D1880AF00B54B01 /* LaunchScreen.storyboard */; };
		66F84D221D1880F900B54B01 /* DesignableTextField.swift in Sources */ = {isa = PBXBuildFile; fileRef = 66F84CE41D1880F900B54B01 /* DesignableTextField.swift */; };
		66F84D241D1880F900B54B01 /* DesignableImageView.swift in Sources */ = {isa = PBXBuildFile; fileRef = 66F84CE71D1880F900B54B01 /* DesignableImageView.swift */; };
		66F84D251D1880F900B54B01 /* DesignableLabel.swift in Sources */ = {isa = PBXBuildFile; fileRef = 66F84CE81D1880F900B54B01 /* DesignableLabel.swift */; };
		66F84D261D1880F900B54B01 /* DesignableTabBarController.swift in Sources */ = {isa = PBXBuildFile; fileRef = 66F84CE91D1880F900B54B01 /* DesignableTabBarController.swift */; };
		66F84D271D1880F900B54B01 /* DesignableTextField1.swift in Sources */ = {isa = PBXBuildFile; fileRef = 66F84CEA1D1880F900B54B01 /* DesignableTextField1.swift */; };
		66F84D281D1880F900B54B01 /* DesignableTextView.swift in Sources */ = {isa = PBXBuildFile; fileRef = 66F84CEB1D1880F900B54B01 /* DesignableTextView.swift */; };
		66F84D2A1D1880F900B54B01 /* DesignableCheckbox.swift in Sources */ = {isa = PBXBuildFile; fileRef = 66F84CED1D1880F900B54B01 /* DesignableCheckbox.swift */; };
		66F84D2B1D1880F900B54B01 /* ArrayExtensions.swift in Sources */ = {isa = PBXBuildFile; fileRef = 66F84CEF1D1880F900B54B01 /* ArrayExtensions.swift */; };
		66F84D2E1D1880F900B54B01 /* DictionaryExtensions.swift in Sources */ = {isa = PBXBuildFile; fileRef = 66F84CF21D1880F900B54B01 /* DictionaryExtensions.swift */; };
		66F84D2F1D1880F900B54B01 /* EZSwiftFunctions.swift in Sources */ = {isa = PBXBuildFile; fileRef = 66F84CF31D1880F900B54B01 /* EZSwiftFunctions.swift */; };
		66F84D311D1880F900B54B01 /* NSUserDefaultsExtension.swift in Sources */ = {isa = PBXBuildFile; fileRef = 66F84CF51D1880F900B54B01 /* NSUserDefaultsExtension.swift */; };
		66F84D321D1880F900B54B01 /* StringExtensions.swift in Sources */ = {isa = PBXBuildFile; fileRef = 66F84CF61D1880F900B54B01 /* StringExtensions.swift */; };
		66F84D331D1880F900B54B01 /* UIAlertControllerExtensions.swift in Sources */ = {isa = PBXBuildFile; fileRef = 66F84CF71D1880F900B54B01 /* UIAlertControllerExtensions.swift */; };
		66F84D341D1880F900B54B01 /* UIImageExtensions.swift in Sources */ = {isa = PBXBuildFile; fileRef = 66F84CF81D1880F900B54B01 /* UIImageExtensions.swift */; };
		66F84D351D1880F900B54B01 /* NewExtentions.swift in Sources */ = {isa = PBXBuildFile; fileRef = 66F84CF91D1880F900B54B01 /* NewExtentions.swift */; };
		66F84D361D1880F900B54B01 /* !site.txt in Resources */ = {isa = PBXBuildFile; fileRef = 66F84CFB1D1880F900B54B01 /* !site.txt */; };
		66F84D371D1880F900B54B01 /* BlockButton.swift in Sources */ = {isa = PBXBuildFile; fileRef = 66F84CFC1D1880F900B54B01 /* BlockButton.swift */; };
		66F84D381D1880F900B54B01 /* BlockLongPress.swift in Sources */ = {isa = PBXBuildFile; fileRef = 66F84CFD1D1880F900B54B01 /* BlockLongPress.swift */; };
		66F84D391D1880F900B54B01 /* BlockPan.swift in Sources */ = {isa = PBXBuildFile; fileRef = 66F84CFE1D1880F900B54B01 /* BlockPan.swift */; };
		66F84D3A1D1880F900B54B01 /* BlockPinch.swift in Sources */ = {isa = PBXBuildFile; fileRef = 66F84CFF1D1880F900B54B01 /* BlockPinch.swift */; };
		66F84D3B1D1880F900B54B01 /* BlockWebView.swift in Sources */ = {isa = PBXBuildFile; fileRef = 66F84D001D1880F900B54B01 /* BlockWebView.swift */; };
		66F84D3C1D1880F900B54B01 /* BoolExtensions.swift in Sources */ = {isa = PBXBuildFile; fileRef = 66F84D011D1880F900B54B01 /* BoolExtensions.swift */; };
		66F84D3D1D1880F900B54B01 /* CGFloatExtensions.swift in Sources */ = {isa = PBXBuildFile; fileRef = 66F84D021D1880F900B54B01 /* CGFloatExtensions.swift */; };
		66F84D3E1D1880F900B54B01 /* CGRectExtensions.swift in Sources */ = {isa = PBXBuildFile; fileRef = 66F84D031D1880F900B54B01 /* CGRectExtensions.swift */; };
		66F84D3F1D1880F900B54B01 /* CharacterExtensions.swift in Sources */ = {isa = PBXBuildFile; fileRef = 66F84D041D1880F900B54B01 /* CharacterExtensions.swift */; };
		66F84D401D1880F900B54B01 /* DoubleExtensions.swift in Sources */ = {isa = PBXBuildFile; fileRef = 66F84D051D1880F900B54B01 /* DoubleExtensions.swift */; };
		66F84D411D1880F900B54B01 /* ErrorTypeExtensions.swift in Sources */ = {isa = PBXBuildFile; fileRef = 66F84D061D1880F900B54B01 /* ErrorTypeExtensions.swift */; };
		66F84D421D1880F900B54B01 /* IntExtensions.swift in Sources */ = {isa = PBXBuildFile; fileRef = 66F84D071D1880F900B54B01 /* IntExtensions.swift */; };
		66F84D431D1880F900B54B01 /* NSAttributedStringExtension.swift in Sources */ = {isa = PBXBuildFile; fileRef = 66F84D081D1880F900B54B01 /* NSAttributedStringExtension.swift */; };
		66F84D441D1880F900B54B01 /* NSBundleExtensions.swift in Sources */ = {isa = PBXBuildFile; fileRef = 66F84D091D1880F900B54B01 /* NSBundleExtensions.swift */; };
		66F84D451D1880F900B54B01 /* NSDateExtensions.swift in Sources */ = {isa = PBXBuildFile; fileRef = 66F84D0A1D1880F900B54B01 /* NSDateExtensions.swift */; };
		66F84D461D1880F900B54B01 /* NSDictionaryExtensions.swift in Sources */ = {isa = PBXBuildFile; fileRef = 66F84D0B1D1880F900B54B01 /* NSDictionaryExtensions.swift */; };
		66F84D471D1880F900B54B01 /* NSObjectExtensions.swift in Sources */ = {isa = PBXBuildFile; fileRef = 66F84D0C1D1880F900B54B01 /* NSObjectExtensions.swift */; };
		66F84D481D1880F900B54B01 /* NSTimerExtensions.swift in Sources */ = {isa = PBXBuildFile; fileRef = 66F84D0D1D1880F900B54B01 /* NSTimerExtensions.swift */; };
		66F84D491D1880F900B54B01 /* NSURLExtensions.swift in Sources */ = {isa = PBXBuildFile; fileRef = 66F84D0E1D1880F900B54B01 /* NSURLExtensions.swift */; };
		66F84D4A1D1880F900B54B01 /* UIApplicationExtensions.swift in Sources */ = {isa = PBXBuildFile; fileRef = 66F84D0F1D1880F900B54B01 /* UIApplicationExtensions.swift */; };
		66F84D4B1D1880F900B54B01 /* UIBarButtonItemExtensions.swift in Sources */ = {isa = PBXBuildFile; fileRef = 66F84D101D1880F900B54B01 /* UIBarButtonItemExtensions.swift */; };
		66F84D4C1D1880F900B54B01 /* UIButtonExtensions.swift in Sources */ = {isa = PBXBuildFile; fileRef = 66F84D111D1880F900B54B01 /* UIButtonExtensions.swift */; };
		66F84D4D1D1880F900B54B01 /* UIColoredView.swift in Sources */ = {isa = PBXBuildFile; fileRef = 66F84D121D1880F900B54B01 /* UIColoredView.swift */; };
		66F84D4E1D1880F900B54B01 /* UIColorExtensions.swift in Sources */ = {isa = PBXBuildFile; fileRef = 66F84D131D1880F900B54B01 /* UIColorExtensions.swift */; };
		66F84D4F1D1880F900B54B01 /* UIDeviceExtensions.swift in Sources */ = {isa = PBXBuildFile; fileRef = 66F84D141D1880F900B54B01 /* UIDeviceExtensions.swift */; };
		66F84D501D1880F900B54B01 /* UIFontExtensions.swift in Sources */ = {isa = PBXBuildFile; fileRef = 66F84D151D1880F900B54B01 /* UIFontExtensions.swift */; };
		66F84D511D1880F900B54B01 /* UIImageViewExtensions.swift in Sources */ = {isa = PBXBuildFile; fileRef = 66F84D161D1880F900B54B01 /* UIImageViewExtensions.swift */; };
		66F84D521D1880F900B54B01 /* UILabelExtensions.swift in Sources */ = {isa = PBXBuildFile; fileRef = 66F84D171D1880F900B54B01 /* UILabelExtensions.swift */; };
		66F84D531D1880F900B54B01 /* UISliderExtensions.swift in Sources */ = {isa = PBXBuildFile; fileRef = 66F84D181D1880F900B54B01 /* UISliderExtensions.swift */; };
		66F84D541D1880F900B54B01 /* UISwitchExtensions.swift in Sources */ = {isa = PBXBuildFile; fileRef = 66F84D191D1880F900B54B01 /* UISwitchExtensions.swift */; };
		66F84D551D1880F900B54B01 /* UITextViewExtensions.swift in Sources */ = {isa = PBXBuildFile; fileRef = 66F84D1A1D1880F900B54B01 /* UITextViewExtensions.swift */; };
		66F84D561D1880F900B54B01 /* UIUserInterfaceSizeClassExtensions.swift in Sources */ = {isa = PBXBuildFile; fileRef = 66F84D1B1D1880F900B54B01 /* UIUserInterfaceSizeClassExtensions.swift */; };
		66F84D571D1880F900B54B01 /* UIViewControllerExtension.swift in Sources */ = {isa = PBXBuildFile; fileRef = 66F84D1C1D1880F900B54B01 /* UIViewControllerExtension.swift */; };
		66F84D581D1880F900B54B01 /* UIViewExtensions.swift in Sources */ = {isa = PBXBuildFile; fileRef = 66F84D1D1D1880F900B54B01 /* UIViewExtensions.swift */; };
		66F84D591D1880F900B54B01 /* UIWindowExtensions.swift in Sources */ = {isa = PBXBuildFile; fileRef = 66F84D1E1D1880F900B54B01 /* UIWindowExtensions.swift */; };
		66F84D5A1D1880F900B54B01 /* Functions.swift in Sources */ = {isa = PBXBuildFile; fileRef = 66F84D1F1D1880F900B54B01 /* Functions.swift */; };
		66F84D5C1D1880F900B54B01 /* LoadingView.swift in Sources */ = {isa = PBXBuildFile; fileRef = 66F84D211D1880F900B54B01 /* LoadingView.swift */; };
		CE0F9A741D269E4E007D2F64 /* NSLocaleExtentions.swift in Sources */ = {isa = PBXBuildFile; fileRef = CE0F9A731D269E4E007D2F64 /* NSLocaleExtentions.swift */; };
		CE0F9A761D269E6B007D2F64 /* PhoneNumberKitExtentions.swift in Sources */ = {isa = PBXBuildFile; fileRef = CE0F9A751D269E6B007D2F64 /* PhoneNumberKitExtentions.swift */; };
		CEABED121D22BC8000455C05 /* LockView.swift in Sources */ = {isa = PBXBuildFile; fileRef = CEABED111D22BC8000455C05 /* LockView.swift */; };
		CEE3DD741D24062F007B3812 /* BlurView.swift in Sources */ = {isa = PBXBuildFile; fileRef = CEE3DD731D24062F007B3812 /* BlurView.swift */; };
		CEF814DA1D1D0B6300A5622B /* MKMapViewExtension.swift in Sources */ = {isa = PBXBuildFile; fileRef = CEF814D31D1D0B6300A5622B /* MKMapViewExtension.swift */; };
		CEF814DB1D1D0B6300A5622B /* NSAttributedStringExtensions.swift in Sources */ = {isa = PBXBuildFile; fileRef = CEF814D41D1D0B6300A5622B /* NSAttributedStringExtensions.swift */; };
		CEF814DD1D1D0B6300A5622B /* UISearchBarExtensions.swift in Sources */ = {isa = PBXBuildFile; fileRef = CEF814D61D1D0B6300A5622B /* UISearchBarExtensions.swift */; };
		CEF814DE1D1D0B6300A5622B /* UITextFieldExtensions.swift in Sources */ = {isa = PBXBuildFile; fileRef = CEF814D71D1D0B6300A5622B /* UITextFieldExtensions.swift */; };
		CEF814DF1D1D0B6300A5622B /* UIViewControllerExtensions.swift in Sources */ = {isa = PBXBuildFile; fileRef = CEF814D81D1D0B6300A5622B /* UIViewControllerExtensions.swift */; };
		CEF814E41D1D0D2500A5622B /* AlamofireExtentions.swift in Sources */ = {isa = PBXBuildFile; fileRef = CEF814E21D1D0D2500A5622B /* AlamofireExtentions.swift */; };
		CEF814E51D1D0D2500A5622B /* GMSMapViewExtensions.swift in Sources */ = {isa = PBXBuildFile; fileRef = CEF814E31D1D0D2500A5622B /* GMSMapViewExtensions.swift */; };
		CEF814E81D1D0E3600A5622B /* KeyboardLayoutConstraint.swift in Sources */ = {isa = PBXBuildFile; fileRef = CEF814E71D1D0E3600A5622B /* KeyboardLayoutConstraint.swift */; };
		CEF814EC1D1D0F5B00A5622B /* IsoCountries.swift in Sources */ = {isa = PBXBuildFile; fileRef = CEF814EA1D1D0F5B00A5622B /* IsoCountries.swift */; };
		CEF814ED1D1D0F5B00A5622B /* IsoCountryService.swift in Sources */ = {isa = PBXBuildFile; fileRef = CEF814EB1D1D0F5B00A5622B /* IsoCountryService.swift */; };
		CEF814EF1D1D0FB200A5622B /* FloatRatingView.swift in Sources */ = {isa = PBXBuildFile; fileRef = CEF814EE1D1D0FB200A5622B /* FloatRatingView.swift */; };
		CEF814F11D1D0FE900A5622B /* KeychainSwiftDistrib.swift in Sources */ = {isa = PBXBuildFile; fileRef = CEF814F01D1D0FE900A5622B /* KeychainSwiftDistrib.swift */; };
		CEF814F41D1D2C2D00A5622B /* BlockSwipe.swift in Sources */ = {isa = PBXBuildFile; fileRef = CEF814F21D1D2C2D00A5622B /* BlockSwipe.swift */; };
		CEF814F51D1D2C2D00A5622B /* BlockTap.swift in Sources */ = {isa = PBXBuildFile; fileRef = CEF814F31D1D2C2D00A5622B /* BlockTap.swift */; };
		CEF815091D1D79B500A5622B /* PromiseExtnetions.swift in Sources */ = {isa = PBXBuildFile; fileRef = CEF815081D1D79B500A5622B /* PromiseExtnetions.swift */; };
/* End PBXBuildFile section */

/* Begin PBXFileReference section */
		6686F7E11D19F2AB00A447C8 /* RailroadViewController.swift */ = {isa = PBXFileReference; fileEncoding = 4; lastKnownFileType = sourcecode.swift; path = RailroadViewController.swift; sourceTree = "<group>"; };
		6686F7E31D1B2D7E00A447C8 /* DesignableButton1.swift */ = {isa = PBXFileReference; fileEncoding = 4; lastKnownFileType = sourcecode.swift; path = DesignableButton1.swift; sourceTree = "<group>"; };
		6686F7E51D1B2D9200A447C8 /* DesignableButton.swift */ = {isa = PBXFileReference; fileEncoding = 4; lastKnownFileType = sourcecode.swift; path = DesignableButton.swift; sourceTree = "<group>"; };
		6686F7E71D1B474100A447C8 /* DesignableView1.swift */ = {isa = PBXFileReference; fileEncoding = 4; lastKnownFileType = sourcecode.swift; path = DesignableView1.swift; sourceTree = "<group>"; };
		6686F7E91D1B475900A447C8 /* DesignableView.swift */ = {isa = PBXFileReference; fileEncoding = 4; lastKnownFileType = sourcecode.swift; path = DesignableView.swift; sourceTree = "<group>"; };
		66F84CCD1D1880AE00B54B01 /* SwiftBest.app */ = {isa = PBXFileReference; explicitFileType = wrapper.application; includeInIndex = 0; path = SwiftBest.app; sourceTree = BUILT_PRODUCTS_DIR; };
		66F84CD01D1880AF00B54B01 /* AppDelegate.swift */ = {isa = PBXFileReference; lastKnownFileType = sourcecode.swift; path = AppDelegate.swift; sourceTree = "<group>"; };
		66F84CD21D1880AF00B54B01 /* ViewController.swift */ = {isa = PBXFileReference; lastKnownFileType = sourcecode.swift; path = ViewController.swift; sourceTree = "<group>"; };
		66F84CD51D1880AF00B54B01 /* Base */ = {isa = PBXFileReference; lastKnownFileType = file.storyboard; name = Base; path = Base.lproj/Main.storyboard; sourceTree = "<group>"; };
		66F84CD71D1880AF00B54B01 /* Assets.xcassets */ = {isa = PBXFileReference; lastKnownFileType = folder.assetcatalog; path = Assets.xcassets; sourceTree = "<group>"; };
		66F84CDA1D1880AF00B54B01 /* Base */ = {isa = PBXFileReference; lastKnownFileType = file.storyboard; name = Base; path = Base.lproj/LaunchScreen.storyboard; sourceTree = "<group>"; };
		66F84CDC1D1880AF00B54B01 /* Info.plist */ = {isa = PBXFileReference; lastKnownFileType = text.plist.xml; path = Info.plist; sourceTree = "<group>"; };
		66F84CE41D1880F900B54B01 /* DesignableTextField.swift */ = {isa = PBXFileReference; fileEncoding = 4; lastKnownFileType = sourcecode.swift; path = DesignableTextField.swift; sourceTree = "<group>"; };
		66F84CE71D1880F900B54B01 /* DesignableImageView.swift */ = {isa = PBXFileReference; fileEncoding = 4; lastKnownFileType = sourcecode.swift; path = DesignableImageView.swift; sourceTree = "<group>"; };
		66F84CE81D1880F900B54B01 /* DesignableLabel.swift */ = {isa = PBXFileReference; fileEncoding = 4; lastKnownFileType = sourcecode.swift; path = DesignableLabel.swift; sourceTree = "<group>"; };
		66F84CE91D1880F900B54B01 /* DesignableTabBarController.swift */ = {isa = PBXFileReference; fileEncoding = 4; lastKnownFileType = sourcecode.swift; path = DesignableTabBarController.swift; sourceTree = "<group>"; };
		66F84CEA1D1880F900B54B01 /* DesignableTextField1.swift */ = {isa = PBXFileReference; fileEncoding = 4; lastKnownFileType = sourcecode.swift; path = DesignableTextField1.swift; sourceTree = "<group>"; };
		66F84CEB1D1880F900B54B01 /* DesignableTextView.swift */ = {isa = PBXFileReference; fileEncoding = 4; lastKnownFileType = sourcecode.swift; path = DesignableTextView.swift; sourceTree = "<group>"; };
		66F84CED1D1880F900B54B01 /* DesignableCheckbox.swift */ = {isa = PBXFileReference; fileEncoding = 4; lastKnownFileType = sourcecode.swift; path = DesignableCheckbox.swift; sourceTree = "<group>"; };
		66F84CEF1D1880F900B54B01 /* ArrayExtensions.swift */ = {isa = PBXFileReference; fileEncoding = 4; lastKnownFileType = sourcecode.swift; path = ArrayExtensions.swift; sourceTree = "<group>"; };
		66F84CF21D1880F900B54B01 /* DictionaryExtensions.swift */ = {isa = PBXFileReference; fileEncoding = 4; lastKnownFileType = sourcecode.swift; path = DictionaryExtensions.swift; sourceTree = "<group>"; };
		66F84CF31D1880F900B54B01 /* EZSwiftFunctions.swift */ = {isa = PBXFileReference; fileEncoding = 4; lastKnownFileType = sourcecode.swift; path = EZSwiftFunctions.swift; sourceTree = "<group>"; };
		66F84CF51D1880F900B54B01 /* NSUserDefaultsExtension.swift */ = {isa = PBXFileReference; fileEncoding = 4; lastKnownFileType = sourcecode.swift; path = NSUserDefaultsExtension.swift; sourceTree = "<group>"; };
		66F84CF61D1880F900B54B01 /* StringExtensions.swift */ = {isa = PBXFileReference; fileEncoding = 4; lastKnownFileType = sourcecode.swift; path = StringExtensions.swift; sourceTree = "<group>"; };
		66F84CF71D1880F900B54B01 /* UIAlertControllerExtensions.swift */ = {isa = PBXFileReference; fileEncoding = 4; lastKnownFileType = sourcecode.swift; path = UIAlertControllerExtensions.swift; sourceTree = "<group>"; };
		66F84CF81D1880F900B54B01 /* UIImageExtensions.swift */ = {isa = PBXFileReference; fileEncoding = 4; lastKnownFileType = sourcecode.swift; path = UIImageExtensions.swift; sourceTree = "<group>"; };
		66F84CF91D1880F900B54B01 /* NewExtentions.swift */ = {isa = PBXFileReference; fileEncoding = 4; lastKnownFileType = sourcecode.swift; path = NewExtentions.swift; sourceTree = "<group>"; };
		66F84CFB1D1880F900B54B01 /* !site.txt */ = {isa = PBXFileReference; fileEncoding = 4; lastKnownFileType = text; path = "!site.txt"; sourceTree = "<group>"; };
		66F84CFC1D1880F900B54B01 /* BlockButton.swift */ = {isa = PBXFileReference; fileEncoding = 4; lastKnownFileType = sourcecode.swift; path = BlockButton.swift; sourceTree = "<group>"; };
		66F84CFD1D1880F900B54B01 /* BlockLongPress.swift */ = {isa = PBXFileReference; fileEncoding = 4; lastKnownFileType = sourcecode.swift; path = BlockLongPress.swift; sourceTree = "<group>"; };
		66F84CFE1D1880F900B54B01 /* BlockPan.swift */ = {isa = PBXFileReference; fileEncoding = 4; lastKnownFileType = sourcecode.swift; path = BlockPan.swift; sourceTree = "<group>"; };
		66F84CFF1D1880F900B54B01 /* BlockPinch.swift */ = {isa = PBXFileReference; fileEncoding = 4; lastKnownFileType = sourcecode.swift; path = BlockPinch.swift; sourceTree = "<group>"; };
		66F84D001D1880F900B54B01 /* BlockWebView.swift */ = {isa = PBXFileReference; fileEncoding = 4; lastKnownFileType = sourcecode.swift; path = BlockWebView.swift; sourceTree = "<group>"; };
		66F84D011D1880F900B54B01 /* BoolExtensions.swift */ = {isa = PBXFileReference; fileEncoding = 4; lastKnownFileType = sourcecode.swift; path = BoolExtensions.swift; sourceTree = "<group>"; };
		66F84D021D1880F900B54B01 /* CGFloatExtensions.swift */ = {isa = PBXFileReference; fileEncoding = 4; lastKnownFileType = sourcecode.swift; path = CGFloatExtensions.swift; sourceTree = "<group>"; };
		66F84D031D1880F900B54B01 /* CGRectExtensions.swift */ = {isa = PBXFileReference; fileEncoding = 4; lastKnownFileType = sourcecode.swift; path = CGRectExtensions.swift; sourceTree = "<group>"; };
		66F84D041D1880F900B54B01 /* CharacterExtensions.swift */ = {isa = PBXFileReference; fileEncoding = 4; lastKnownFileType = sourcecode.swift; path = CharacterExtensions.swift; sourceTree = "<group>"; };
		66F84D051D1880F900B54B01 /* DoubleExtensions.swift */ = {isa = PBXFileReference; fileEncoding = 4; lastKnownFileType = sourcecode.swift; path = DoubleExtensions.swift; sourceTree = "<group>"; };
		66F84D061D1880F900B54B01 /* ErrorTypeExtensions.swift */ = {isa = PBXFileReference; fileEncoding = 4; lastKnownFileType = sourcecode.swift; path = ErrorTypeExtensions.swift; sourceTree = "<group>"; };
		66F84D071D1880F900B54B01 /* IntExtensions.swift */ = {isa = PBXFileReference; fileEncoding = 4; lastKnownFileType = sourcecode.swift; path = IntExtensions.swift; sourceTree = "<group>"; };
		66F84D081D1880F900B54B01 /* NSAttributedStringExtension.swift */ = {isa = PBXFileReference; fileEncoding = 4; lastKnownFileType = sourcecode.swift; path = NSAttributedStringExtension.swift; sourceTree = "<group>"; };
		66F84D091D1880F900B54B01 /* NSBundleExtensions.swift */ = {isa = PBXFileReference; fileEncoding = 4; lastKnownFileType = sourcecode.swift; path = NSBundleExtensions.swift; sourceTree = "<group>"; };
		66F84D0A1D1880F900B54B01 /* NSDateExtensions.swift */ = {isa = PBXFileReference; fileEncoding = 4; lastKnownFileType = sourcecode.swift; path = NSDateExtensions.swift; sourceTree = "<group>"; };
		66F84D0B1D1880F900B54B01 /* NSDictionaryExtensions.swift */ = {isa = PBXFileReference; fileEncoding = 4; lastKnownFileType = sourcecode.swift; path = NSDictionaryExtensions.swift; sourceTree = "<group>"; };
		66F84D0C1D1880F900B54B01 /* NSObjectExtensions.swift */ = {isa = PBXFileReference; fileEncoding = 4; lastKnownFileType = sourcecode.swift; path = NSObjectExtensions.swift; sourceTree = "<group>"; };
		66F84D0D1D1880F900B54B01 /* NSTimerExtensions.swift */ = {isa = PBXFileReference; fileEncoding = 4; lastKnownFileType = sourcecode.swift; path = NSTimerExtensions.swift; sourceTree = "<group>"; };
		66F84D0E1D1880F900B54B01 /* NSURLExtensions.swift */ = {isa = PBXFileReference; fileEncoding = 4; lastKnownFileType = sourcecode.swift; path = NSURLExtensions.swift; sourceTree = "<group>"; };
		66F84D0F1D1880F900B54B01 /* UIApplicationExtensions.swift */ = {isa = PBXFileReference; fileEncoding = 4; lastKnownFileType = sourcecode.swift; path = UIApplicationExtensions.swift; sourceTree = "<group>"; };
		66F84D101D1880F900B54B01 /* UIBarButtonItemExtensions.swift */ = {isa = PBXFileReference; fileEncoding = 4; lastKnownFileType = sourcecode.swift; path = UIBarButtonItemExtensions.swift; sourceTree = "<group>"; };
		66F84D111D1880F900B54B01 /* UIButtonExtensions.swift */ = {isa = PBXFileReference; fileEncoding = 4; lastKnownFileType = sourcecode.swift; path = UIButtonExtensions.swift; sourceTree = "<group>"; };
		66F84D121D1880F900B54B01 /* UIColoredView.swift */ = {isa = PBXFileReference; fileEncoding = 4; lastKnownFileType = sourcecode.swift; path = UIColoredView.swift; sourceTree = "<group>"; };
		66F84D131D1880F900B54B01 /* UIColorExtensions.swift */ = {isa = PBXFileReference; fileEncoding = 4; lastKnownFileType = sourcecode.swift; path = UIColorExtensions.swift; sourceTree = "<group>"; };
		66F84D141D1880F900B54B01 /* UIDeviceExtensions.swift */ = {isa = PBXFileReference; fileEncoding = 4; lastKnownFileType = sourcecode.swift; path = UIDeviceExtensions.swift; sourceTree = "<group>"; };
		66F84D151D1880F900B54B01 /* UIFontExtensions.swift */ = {isa = PBXFileReference; fileEncoding = 4; lastKnownFileType = sourcecode.swift; path = UIFontExtensions.swift; sourceTree = "<group>"; };
		66F84D161D1880F900B54B01 /* UIImageViewExtensions.swift */ = {isa = PBXFileReference; fileEncoding = 4; lastKnownFileType = sourcecode.swift; path = UIImageViewExtensions.swift; sourceTree = "<group>"; };
		66F84D171D1880F900B54B01 /* UILabelExtensions.swift */ = {isa = PBXFileReference; fileEncoding = 4; lastKnownFileType = sourcecode.swift; path = UILabelExtensions.swift; sourceTree = "<group>"; };
		66F84D181D1880F900B54B01 /* UISliderExtensions.swift */ = {isa = PBXFileReference; fileEncoding = 4; lastKnownFileType = sourcecode.swift; path = UISliderExtensions.swift; sourceTree = "<group>"; };
		66F84D191D1880F900B54B01 /* UISwitchExtensions.swift */ = {isa = PBXFileReference; fileEncoding = 4; lastKnownFileType = sourcecode.swift; path = UISwitchExtensions.swift; sourceTree = "<group>"; };
		66F84D1A1D1880F900B54B01 /* UITextViewExtensions.swift */ = {isa = PBXFileReference; fileEncoding = 4; lastKnownFileType = sourcecode.swift; path = UITextViewExtensions.swift; sourceTree = "<group>"; };
		66F84D1B1D1880F900B54B01 /* UIUserInterfaceSizeClassExtensions.swift */ = {isa = PBXFileReference; fileEncoding = 4; lastKnownFileType = sourcecode.swift; path = UIUserInterfaceSizeClassExtensions.swift; sourceTree = "<group>"; };
		66F84D1C1D1880F900B54B01 /* UIViewControllerExtension.swift */ = {isa = PBXFileReference; fileEncoding = 4; lastKnownFileType = sourcecode.swift; path = UIViewControllerExtension.swift; sourceTree = "<group>"; };
		66F84D1D1D1880F900B54B01 /* UIViewExtensions.swift */ = {isa = PBXFileReference; fileEncoding = 4; lastKnownFileType = sourcecode.swift; path = UIViewExtensions.swift; sourceTree = "<group>"; };
		66F84D1E1D1880F900B54B01 /* UIWindowExtensions.swift */ = {isa = PBXFileReference; fileEncoding = 4; lastKnownFileType = sourcecode.swift; path = UIWindowExtensions.swift; sourceTree = "<group>"; };
		66F84D1F1D1880F900B54B01 /* Functions.swift */ = {isa = PBXFileReference; fileEncoding = 4; lastKnownFileType = sourcecode.swift; path = Functions.swift; sourceTree = "<group>"; };
		66F84D211D1880F900B54B01 /* LoadingView.swift */ = {isa = PBXFileReference; fileEncoding = 4; lastKnownFileType = sourcecode.swift; path = LoadingView.swift; sourceTree = "<group>"; };
		CE0F9A731D269E4E007D2F64 /* NSLocaleExtentions.swift */ = {isa = PBXFileReference; fileEncoding = 4; lastKnownFileType = sourcecode.swift; path = NSLocaleExtentions.swift; sourceTree = "<group>"; };
		CE0F9A751D269E6B007D2F64 /* PhoneNumberKitExtentions.swift */ = {isa = PBXFileReference; fileEncoding = 4; lastKnownFileType = sourcecode.swift; path = PhoneNumberKitExtentions.swift; sourceTree = "<group>"; };
		CEABED111D22BC8000455C05 /* LockView.swift */ = {isa = PBXFileReference; fileEncoding = 4; lastKnownFileType = sourcecode.swift; path = LockView.swift; sourceTree = "<group>"; };
		CEE3DD731D24062F007B3812 /* BlurView.swift */ = {isa = PBXFileReference; fileEncoding = 4; lastKnownFileType = sourcecode.swift; path = BlurView.swift; sourceTree = "<group>"; };
		CEF814D31D1D0B6300A5622B /* MKMapViewExtension.swift */ = {isa = PBXFileReference; fileEncoding = 4; lastKnownFileType = sourcecode.swift; path = MKMapViewExtension.swift; sourceTree = "<group>"; };
		CEF814D41D1D0B6300A5622B /* NSAttributedStringExtensions.swift */ = {isa = PBXFileReference; fileEncoding = 4; lastKnownFileType = sourcecode.swift; path = NSAttributedStringExtensions.swift; sourceTree = "<group>"; };
		CEF814D61D1D0B6300A5622B /* UISearchBarExtensions.swift */ = {isa = PBXFileReference; fileEncoding = 4; lastKnownFileType = sourcecode.swift; path = UISearchBarExtensions.swift; sourceTree = "<group>"; };
		CEF814D71D1D0B6300A5622B /* UITextFieldExtensions.swift */ = {isa = PBXFileReference; fileEncoding = 4; lastKnownFileType = sourcecode.swift; path = UITextFieldExtensions.swift; sourceTree = "<group>"; };
		CEF814D81D1D0B6300A5622B /* UIViewControllerExtensions.swift */ = {isa = PBXFileReference; fileEncoding = 4; lastKnownFileType = sourcecode.swift; path = UIViewControllerExtensions.swift; sourceTree = "<group>"; };
		CEF814E21D1D0D2500A5622B /* AlamofireExtentions.swift */ = {isa = PBXFileReference; fileEncoding = 4; lastKnownFileType = sourcecode.swift; path = AlamofireExtentions.swift; sourceTree = "<group>"; };
		CEF814E31D1D0D2500A5622B /* GMSMapViewExtensions.swift */ = {isa = PBXFileReference; fileEncoding = 4; lastKnownFileType = sourcecode.swift; path = GMSMapViewExtensions.swift; sourceTree = "<group>"; };
		CEF814E71D1D0E3600A5622B /* KeyboardLayoutConstraint.swift */ = {isa = PBXFileReference; fileEncoding = 4; lastKnownFileType = sourcecode.swift; path = KeyboardLayoutConstraint.swift; sourceTree = "<group>"; };
		CEF814EA1D1D0F5B00A5622B /* IsoCountries.swift */ = {isa = PBXFileReference; fileEncoding = 4; lastKnownFileType = sourcecode.swift; path = IsoCountries.swift; sourceTree = "<group>"; };
		CEF814EB1D1D0F5B00A5622B /* IsoCountryService.swift */ = {isa = PBXFileReference; fileEncoding = 4; lastKnownFileType = sourcecode.swift; path = IsoCountryService.swift; sourceTree = "<group>"; };
		CEF814EE1D1D0FB200A5622B /* FloatRatingView.swift */ = {isa = PBXFileReference; fileEncoding = 4; lastKnownFileType = sourcecode.swift; path = FloatRatingView.swift; sourceTree = "<group>"; };
		CEF814F01D1D0FE900A5622B /* KeychainSwiftDistrib.swift */ = {isa = PBXFileReference; fileEncoding = 4; lastKnownFileType = sourcecode.swift; path = KeychainSwiftDistrib.swift; sourceTree = "<group>"; };
		CEF814F21D1D2C2D00A5622B /* BlockSwipe.swift */ = {isa = PBXFileReference; fileEncoding = 4; lastKnownFileType = sourcecode.swift; name = BlockSwipe.swift; path = ../Classes/BlockSwipe.swift; sourceTree = "<group>"; };
		CEF814F31D1D2C2D00A5622B /* BlockTap.swift */ = {isa = PBXFileReference; fileEncoding = 4; lastKnownFileType = sourcecode.swift; name = BlockTap.swift; path = ../Classes/BlockTap.swift; sourceTree = "<group>"; };
		CEF815081D1D79B500A5622B /* PromiseExtnetions.swift */ = {isa = PBXFileReference; fileEncoding = 4; lastKnownFileType = sourcecode.swift; path = PromiseExtnetions.swift; sourceTree = "<group>"; };
/* End PBXFileReference section */

/* Begin PBXFrameworksBuildPhase section */
		66F84CCA1D1880AE00B54B01 /* Frameworks */ = {
			isa = PBXFrameworksBuildPhase;
			buildActionMask = 2147483647;
			files = (
			);
			runOnlyForDeploymentPostprocessing = 0;
		};
/* End PBXFrameworksBuildPhase section */

/* Begin PBXGroup section */
		66F84CC41D1880AE00B54B01 = {
			isa = PBXGroup;
			children = (
				66F84CCF1D1880AF00B54B01 /* SwiftBest */,
				66F84CCE1D1880AE00B54B01 /* Products */,
			);
			sourceTree = "<group>";
		};
		66F84CCE1D1880AE00B54B01 /* Products */ = {
			isa = PBXGroup;
			children = (
				66F84CCD1D1880AE00B54B01 /* SwiftBest.app */,
			);
			name = Products;
			sourceTree = "<group>";
		};
		66F84CCF1D1880AF00B54B01 /* SwiftBest */ = {
			isa = PBXGroup;
			children = (
				66F84CE21D1880F900B54B01 /* swiftMy */,
				66F84CD41D1880AF00B54B01 /* Main.storyboard */,
				66F84CD01D1880AF00B54B01 /* AppDelegate.swift */,
				6686F7E11D19F2AB00A447C8 /* RailroadViewController.swift */,
				66F84CD21D1880AF00B54B01 /* ViewController.swift */,
				66F84CD71D1880AF00B54B01 /* Assets.xcassets */,
				66F84CDC1D1880AF00B54B01 /* Info.plist */,
				66F84CD91D1880AF00B54B01 /* LaunchScreen.storyboard */,
			);
			path = SwiftBest;
			sourceTree = "<group>";
		};
		66F84CE21D1880F900B54B01 /* swiftMy */ = {
			isa = PBXGroup;
			children = (
				CEF814E61D1D0E3600A5622B /* Classes */,
				66F84CE31D1880F900B54B01 /* DesignableViews */,
				66F84CE51D1880F900B54B01 /* DesignableViewsOthers */,
				66F84CEE1D1880F900B54B01 /* Extentions */,
				66F84CFA1D1880F900B54B01 /* ExtentionsOthers */,
				66F84D1F1D1880F900B54B01 /* Functions.swift */,
				66F84D211D1880F900B54B01 /* LoadingView.swift */,
				66F84CF91D1880F900B54B01 /* NewExtentions.swift */,
			);
			path = swiftMy;
			sourceTree = "<group>";
		};
		66F84CE31D1880F900B54B01 /* DesignableViews */ = {
			isa = PBXGroup;
			children = (
				6686F7E51D1B2D9200A447C8 /* DesignableButton.swift */,
				66F84CED1D1880F900B54B01 /* DesignableCheckbox.swift */,
				66F84CE41D1880F900B54B01 /* DesignableTextField.swift */,
				6686F7E91D1B475900A447C8 /* DesignableView.swift */,
			);
			path = DesignableViews;
			sourceTree = "<group>";
		};
		66F84CE51D1880F900B54B01 /* DesignableViewsOthers */ = {
			isa = PBXGroup;
			children = (
				6686F7E31D1B2D7E00A447C8 /* DesignableButton1.swift */,
				66F84CE71D1880F900B54B01 /* DesignableImageView.swift */,
				66F84CE81D1880F900B54B01 /* DesignableLabel.swift */,
				66F84CE91D1880F900B54B01 /* DesignableTabBarController.swift */,
				66F84CEA1D1880F900B54B01 /* DesignableTextField1.swift */,
				66F84CEB1D1880F900B54B01 /* DesignableTextView.swift */,
				6686F7E71D1B474100A447C8 /* DesignableView1.swift */,
			);
			path = DesignableViewsOthers;
			sourceTree = "<group>";
		};
		66F84CEE1D1880F900B54B01 /* Extentions */ = {
			isa = PBXGroup;
			children = (
				66F84CEF1D1880F900B54B01 /* ArrayExtensions.swift */,
				66F84CF21D1880F900B54B01 /* DictionaryExtensions.swift */,
				66F84CF31D1880F900B54B01 /* EZSwiftFunctions.swift */,
				CEF814D31D1D0B6300A5622B /* MKMapViewExtension.swift */,
				CEF814D41D1D0B6300A5622B /* NSAttributedStringExtensions.swift */,
				66F84CF51D1880F900B54B01 /* NSUserDefaultsExtension.swift */,
				66F84CF61D1880F900B54B01 /* StringExtensions.swift */,
				66F84CF71D1880F900B54B01 /* UIAlertControllerExtensions.swift */,
				66F84CF81D1880F900B54B01 /* UIImageExtensions.swift */,
				CEF814D61D1D0B6300A5622B /* UISearchBarExtensions.swift */,
				CE0F9A731D269E4E007D2F64 /* NSLocaleExtentions.swift */,
				CEF814D71D1D0B6300A5622B /* UITextFieldExtensions.swift */,
				CEE3DD751D240636007B3812 /* UIViewExtensions */,
				CEF814D81D1D0B6300A5622B /* UIViewControllerExtensions.swift */,
			);
			path = Extentions;
			sourceTree = "<group>";
		};
		66F84CFA1D1880F900B54B01 /* ExtentionsOthers */ = {
			isa = PBXGroup;
			children = (
				66F84CFB1D1880F900B54B01 /* !site.txt */,
				CE0F9A751D269E6B007D2F64 /* PhoneNumberKitExtentions.swift */,
				CEF814E21D1D0D2500A5622B /* AlamofireExtentions.swift */,
				CEF814E31D1D0D2500A5622B /* GMSMapViewExtensions.swift */,
				66F84CFC1D1880F900B54B01 /* BlockButton.swift */,
				66F84D001D1880F900B54B01 /* BlockWebView.swift */,
				66F84D011D1880F900B54B01 /* BoolExtensions.swift */,
				66F84D021D1880F900B54B01 /* CGFloatExtensions.swift */,
				66F84D031D1880F900B54B01 /* CGRectExtensions.swift */,
				66F84D041D1880F900B54B01 /* CharacterExtensions.swift */,
				66F84D051D1880F900B54B01 /* DoubleExtensions.swift */,
				66F84D061D1880F900B54B01 /* ErrorTypeExtensions.swift */,
				66F84D071D1880F900B54B01 /* IntExtensions.swift */,
				66F84D081D1880F900B54B01 /* NSAttributedStringExtension.swift */,
				66F84D091D1880F900B54B01 /* NSBundleExtensions.swift */,
				66F84D0A1D1880F900B54B01 /* NSDateExtensions.swift */,
				66F84D0B1D1880F900B54B01 /* NSDictionaryExtensions.swift */,
				66F84D0C1D1880F900B54B01 /* NSObjectExtensions.swift */,
				66F84D0D1D1880F900B54B01 /* NSTimerExtensions.swift */,
				66F84D0E1D1880F900B54B01 /* NSURLExtensions.swift */,
				CEF815081D1D79B500A5622B /* PromiseExtnetions.swift */,
				66F84D0F1D1880F900B54B01 /* UIApplicationExtensions.swift */,
				66F84D101D1880F900B54B01 /* UIBarButtonItemExtensions.swift */,
				66F84D111D1880F900B54B01 /* UIButtonExtensions.swift */,
				66F84D131D1880F900B54B01 /* UIColorExtensions.swift */,
				66F84D121D1880F900B54B01 /* UIColoredView.swift */,
				66F84D141D1880F900B54B01 /* UIDeviceExtensions.swift */,
				66F84D151D1880F900B54B01 /* UIFontExtensions.swift */,
				66F84D161D1880F900B54B01 /* UIImageViewExtensions.swift */,
				66F84D171D1880F900B54B01 /* UILabelExtensions.swift */,
				66F84D181D1880F900B54B01 /* UISliderExtensions.swift */,
				66F84D191D1880F900B54B01 /* UISwitchExtensions.swift */,
				66F84D1A1D1880F900B54B01 /* UITextViewExtensions.swift */,
				66F84D1B1D1880F900B54B01 /* UIUserInterfaceSizeClassExtensions.swift */,
				66F84D1C1D1880F900B54B01 /* UIViewControllerExtension.swift */,
				66F84D1E1D1880F900B54B01 /* UIWindowExtensions.swift */,
			);
			path = ExtentionsOthers;
			sourceTree = "<group>";
		};
		CEE3DD751D240636007B3812 /* UIViewExtensions */ = {
			isa = PBXGroup;
			children = (
				66F84D1D1D1880F900B54B01 /* UIViewExtensions.swift */,
				CEE3DD731D24062F007B3812 /* BlurView.swift */,
				CEF814F31D1D2C2D00A5622B /* BlockTap.swift */,
				CEF814F21D1D2C2D00A5622B /* BlockSwipe.swift */,
				66F84CFE1D1880F900B54B01 /* BlockPan.swift */,
				66F84CFD1D1880F900B54B01 /* BlockLongPress.swift */,
				66F84CFF1D1880F900B54B01 /* BlockPinch.swift */,
			);
			name = UIViewExtensions;
			path = SwiftBest/swiftMy/ExtentionsOthers;
			sourceTree = SOURCE_ROOT;
		};
		CEF814E61D1D0E3600A5622B /* Classes */ = {
			isa = PBXGroup;
			children = (
				CEF814E91D1D0F5B00A5622B /* IsoCountryService */,
				CEF814EE1D1D0FB200A5622B /* FloatRatingView.swift */,
				CEF814E71D1D0E3600A5622B /* KeyboardLayoutConstraint.swift */,
				CEF814F01D1D0FE900A5622B /* KeychainSwiftDistrib.swift */,
				CEABED111D22BC8000455C05 /* LockView.swift */,
			);
			path = Classes;
			sourceTree = "<group>";
		};
		CEF814E91D1D0F5B00A5622B /* IsoCountryService */ = {
			isa = PBXGroup;
			children = (
				CEF814EA1D1D0F5B00A5622B /* IsoCountries.swift */,
				CEF814EB1D1D0F5B00A5622B /* IsoCountryService.swift */,
			);
			path = IsoCountryService;
			sourceTree = "<group>";
		};
/* End PBXGroup section */

/* Begin PBXNativeTarget section */
		66F84CCC1D1880AE00B54B01 /* SwiftBest */ = {
			isa = PBXNativeTarget;
			buildConfigurationList = 66F84CDF1D1880AF00B54B01 /* Build configuration list for PBXNativeTarget "SwiftBest" */;
			buildPhases = (
				66F84CC91D1880AE00B54B01 /* Sources */,
				66F84CCA1D1880AE00B54B01 /* Frameworks */,
				66F84CCB1D1880AE00B54B01 /* Resources */,
			);
			buildRules = (
			);
			dependencies = (
			);
			name = SwiftBest;
			productName = SwiftBest;
			productReference = 66F84CCD1D1880AE00B54B01 /* SwiftBest.app */;
			productType = "com.apple.product-type.application";
		};
/* End PBXNativeTarget section */

/* Begin PBXProject section */
		66F84CC51D1880AE00B54B01 /* Project object */ = {
			isa = PBXProject;
			attributes = {
				LastSwiftUpdateCheck = 0730;
				LastUpgradeCheck = 0730;
				ORGANIZATIONNAME = "Bondar Yaroslav";
				TargetAttributes = {
					66F84CCC1D1880AE00B54B01 = {
						CreatedOnToolsVersion = 7.3;
					};
				};
			};
			buildConfigurationList = 66F84CC81D1880AE00B54B01 /* Build configuration list for PBXProject "SwiftBest" */;
			compatibilityVersion = "Xcode 3.2";
			developmentRegion = English;
			hasScannedForEncodings = 0;
			knownRegions = (
				en,
				Base,
			);
			mainGroup = 66F84CC41D1880AE00B54B01;
			productRefGroup = 66F84CCE1D1880AE00B54B01 /* Products */;
			projectDirPath = "";
			projectRoot = "";
			targets = (
				66F84CCC1D1880AE00B54B01 /* SwiftBest */,
			);
		};
/* End PBXProject section */

/* Begin PBXResourcesBuildPhase section */
		66F84CCB1D1880AE00B54B01 /* Resources */ = {
			isa = PBXResourcesBuildPhase;
			buildActionMask = 2147483647;
			files = (
				66F84CDB1D1880AF00B54B01 /* LaunchScreen.storyboard in Resources */,
				66F84D361D1880F900B54B01 /* !site.txt in Resources */,
				66F84CD81D1880AF00B54B01 /* Assets.xcassets in Resources */,
				66F84CD61D1880AF00B54B01 /* Main.storyboard in Resources */,
			);
			runOnlyForDeploymentPostprocessing = 0;
		};
/* End PBXResourcesBuildPhase section */

/* Begin PBXSourcesBuildPhase section */
		66F84CC91D1880AE00B54B01 /* Sources */ = {
			isa = PBXSourcesBuildPhase;
			buildActionMask = 2147483647;
			files = (
				66F84CD31D1880AF00B54B01 /* ViewController.swift in Sources */,
				CEF814DA1D1D0B6300A5622B /* MKMapViewExtension.swift in Sources */,
				66F84D241D1880F900B54B01 /* DesignableImageView.swift in Sources */,
				66F84D431D1880F900B54B01 /* NSAttributedStringExtension.swift in Sources */,
				66F84D4B1D1880F900B54B01 /* UIBarButtonItemExtensions.swift in Sources */,
				6686F7E21D19F2AB00A447C8 /* RailroadViewController.swift in Sources */,
				CEF815091D1D79B500A5622B /* PromiseExtnetions.swift in Sources */,
				CEF814EF1D1D0FB200A5622B /* FloatRatingView.swift in Sources */,
				CEABED121D22BC8000455C05 /* LockView.swift in Sources */,
				66F84D451D1880F900B54B01 /* NSDateExtensions.swift in Sources */,
				66F84D331D1880F900B54B01 /* UIAlertControllerExtensions.swift in Sources */,
				66F84D5A1D1880F900B54B01 /* Functions.swift in Sources */,
				66F84D541D1880F900B54B01 /* UISwitchExtensions.swift in Sources */,
				CE0F9A761D269E6B007D2F64 /* PhoneNumberKitExtentions.swift in Sources */,
				66F84D3A1D1880F900B54B01 /* BlockPinch.swift in Sources */,
				66F84D421D1880F900B54B01 /* IntExtensions.swift in Sources */,
				CEF814E41D1D0D2500A5622B /* AlamofireExtentions.swift in Sources */,
				66F84D561D1880F900B54B01 /* UIUserInterfaceSizeClassExtensions.swift in Sources */,
				66F84D571D1880F900B54B01 /* UIViewControllerExtension.swift in Sources */,
				CEF814ED1D1D0F5B00A5622B /* IsoCountryService.swift in Sources */,
				66F84D3D1D1880F900B54B01 /* CGFloatExtensions.swift in Sources */,
				CEF814DF1D1D0B6300A5622B /* UIViewControllerExtensions.swift in Sources */,
				CEF814F11D1D0FE900A5622B /* KeychainSwiftDistrib.swift in Sources */,
				66F84D3E1D1880F900B54B01 /* CGRectExtensions.swift in Sources */,
				66F84D4D1D1880F900B54B01 /* UIColoredView.swift in Sources */,
				CEF814E81D1D0E3600A5622B /* KeyboardLayoutConstraint.swift in Sources */,
				66F84D391D1880F900B54B01 /* BlockPan.swift in Sources */,
				66F84D591D1880F900B54B01 /* UIWindowExtensions.swift in Sources */,
				6686F7E81D1B474100A447C8 /* DesignableView1.swift in Sources */,
				66F84D511D1880F900B54B01 /* UIImageViewExtensions.swift in Sources */,
				66F84D481D1880F900B54B01 /* NSTimerExtensions.swift in Sources */,
				66F84D4E1D1880F900B54B01 /* UIColorExtensions.swift in Sources */,
				66F84D221D1880F900B54B01 /* DesignableTextField.swift in Sources */,
				66F84D281D1880F900B54B01 /* DesignableTextView.swift in Sources */,
				66F84D2E1D1880F900B54B01 /* DictionaryExtensions.swift in Sources */,
				66F84D4C1D1880F900B54B01 /* UIButtonExtensions.swift in Sources */,
				6686F7E61D1B2D9200A447C8 /* DesignableButton.swift in Sources */,
				66F84D311D1880F900B54B01 /* NSUserDefaultsExtension.swift in Sources */,
				6686F7E41D1B2D7E00A447C8 /* DesignableButton1.swift in Sources */,
				66F84D461D1880F900B54B01 /* NSDictionaryExtensions.swift in Sources */,
				66F84D341D1880F900B54B01 /* UIImageExtensions.swift in Sources */,
				CEF814F41D1D2C2D00A5622B /* BlockSwipe.swift in Sources */,
				66F84D2F1D1880F900B54B01 /* EZSwiftFunctions.swift in Sources */,
				CEF814E51D1D0D2500A5622B /* GMSMapViewExtensions.swift in Sources */,
				CEF814DD1D1D0B6300A5622B /* UISearchBarExtensions.swift in Sources */,
				CEF814F51D1D2C2D00A5622B /* BlockTap.swift in Sources */,
				66F84CD11D1880AF00B54B01 /* AppDelegate.swift in Sources */,
				66F84D251D1880F900B54B01 /* DesignableLabel.swift in Sources */,
				66F84D4F1D1880F900B54B01 /* UIDeviceExtensions.swift in Sources */,
				6686F7EA1D1B475900A447C8 /* DesignableView.swift in Sources */,
				66F84D351D1880F900B54B01 /* NewExtentions.swift in Sources */,
				66F84D271D1880F900B54B01 /* DesignableTextField1.swift in Sources */,
				66F84D441D1880F900B54B01 /* NSBundleExtensions.swift in Sources */,
				CE0F9A741D269E4E007D2F64 /* NSLocaleExtentions.swift in Sources */,
				66F84D2B1D1880F900B54B01 /* ArrayExtensions.swift in Sources */,
				66F84D3C1D1880F900B54B01 /* BoolExtensions.swift in Sources */,
				66F84D491D1880F900B54B01 /* NSURLExtensions.swift in Sources */,
				CEF814DE1D1D0B6300A5622B /* UITextFieldExtensions.swift in Sources */,
				CEF814DB1D1D0B6300A5622B /* NSAttributedStringExtensions.swift in Sources */,
				66F84D4A1D1880F900B54B01 /* UIApplicationExtensions.swift in Sources */,
				66F84D551D1880F900B54B01 /* UITextViewExtensions.swift in Sources */,
				CEF814EC1D1D0F5B00A5622B /* IsoCountries.swift in Sources */,
				66F84D2A1D1880F900B54B01 /* DesignableCheckbox.swift in Sources */,
				66F84D3B1D1880F900B54B01 /* BlockWebView.swift in Sources */,
				66F84D501D1880F900B54B01 /* UIFontExtensions.swift in Sources */,
				66F84D3F1D1880F900B54B01 /* CharacterExtensions.swift in Sources */,
				66F84D521D1880F900B54B01 /* UILabelExtensions.swift in Sources */,
				66F84D371D1880F900B54B01 /* BlockButton.swift in Sources */,
				66F84D401D1880F900B54B01 /* DoubleExtensions.swift in Sources */,
				66F84D261D1880F900B54B01 /* DesignableTabBarController.swift in Sources */,
				66F84D5C1D1880F900B54B01 /* LoadingView.swift in Sources */,
				66F84D581D1880F900B54B01 /* UIViewExtensions.swift in Sources */,
				66F84D531D1880F900B54B01 /* UISliderExtensions.swift in Sources */,
				66F84D471D1880F900B54B01 /* NSObjectExtensions.swift in Sources */,
				66F84D321D1880F900B54B01 /* StringExtensions.swift in Sources */,
				CEE3DD741D24062F007B3812 /* BlurView.swift in Sources */,
				66F84D381D1880F900B54B01 /* BlockLongPress.swift in Sources */,
				66F84D411D1880F900B54B01 /* ErrorTypeExtensions.swift in Sources */,
			);
			runOnlyForDeploymentPostprocessing = 0;
		};
/* End PBXSourcesBuildPhase section */

/* Begin PBXVariantGroup section */
		66F84CD41D1880AF00B54B01 /* Main.storyboard */ = {
			isa = PBXVariantGroup;
			children = (
				66F84CD51D1880AF00B54B01 /* Base */,
			);
			name = Main.storyboard;
			path = .;
			sourceTree = "<group>";
		};
		66F84CD91D1880AF00B54B01 /* LaunchScreen.storyboard */ = {
			isa = PBXVariantGroup;
			children = (
				66F84CDA1D1880AF00B54B01 /* Base */,
			);
			name = LaunchScreen.storyboard;
			path = .;
			sourceTree = "<group>";
		};
/* End PBXVariantGroup section */

/* Begin XCBuildConfiguration section */
		66F84CDD1D1880AF00B54B01 /* Debug */ = {
			isa = XCBuildConfiguration;
			buildSettings = {
				ALWAYS_SEARCH_USER_PATHS = NO;
				CLANG_ANALYZER_NONNULL = YES;
				CLANG_CXX_LANGUAGE_STANDARD = "gnu++0x";
				CLANG_CXX_LIBRARY = "libc++";
				CLANG_ENABLE_MODULES = YES;
				CLANG_ENABLE_OBJC_ARC = YES;
				CLANG_WARN_BOOL_CONVERSION = YES;
				CLANG_WARN_CONSTANT_CONVERSION = YES;
				CLANG_WARN_DIRECT_OBJC_ISA_USAGE = YES_ERROR;
				CLANG_WARN_EMPTY_BODY = YES;
				CLANG_WARN_ENUM_CONVERSION = YES;
				CLANG_WARN_INT_CONVERSION = YES;
				CLANG_WARN_OBJC_ROOT_CLASS = YES_ERROR;
				CLANG_WARN_UNREACHABLE_CODE = YES;
				CLANG_WARN__DUPLICATE_METHOD_MATCH = YES;
				"CODE_SIGN_IDENTITY[sdk=iphoneos*]" = "iPhone Developer";
				COPY_PHASE_STRIP = NO;
				DEBUG_INFORMATION_FORMAT = dwarf;
				ENABLE_STRICT_OBJC_MSGSEND = YES;
				ENABLE_TESTABILITY = YES;
				GCC_C_LANGUAGE_STANDARD = gnu99;
				GCC_DYNAMIC_NO_PIC = NO;
				GCC_NO_COMMON_BLOCKS = YES;
				GCC_OPTIMIZATION_LEVEL = 0;
				GCC_PREPROCESSOR_DEFINITIONS = (
					"DEBUG=1",
					"$(inherited)",
				);
				GCC_WARN_64_TO_32_BIT_CONVERSION = YES;
				GCC_WARN_ABOUT_RETURN_TYPE = YES_ERROR;
				GCC_WARN_UNDECLARED_SELECTOR = YES;
				GCC_WARN_UNINITIALIZED_AUTOS = YES_AGGRESSIVE;
				GCC_WARN_UNUSED_FUNCTION = YES;
				GCC_WARN_UNUSED_VARIABLE = YES;
				IPHONEOS_DEPLOYMENT_TARGET = 9.3;
				MTL_ENABLE_DEBUG_INFO = YES;
				ONLY_ACTIVE_ARCH = YES;
				SDKROOT = iphoneos;
				SWIFT_OPTIMIZATION_LEVEL = "-Onone";
			};
			name = Debug;
		};
		66F84CDE1D1880AF00B54B01 /* Release */ = {
			isa = XCBuildConfiguration;
			buildSettings = {
				ALWAYS_SEARCH_USER_PATHS = NO;
				CLANG_ANALYZER_NONNULL = YES;
				CLANG_CXX_LANGUAGE_STANDARD = "gnu++0x";
				CLANG_CXX_LIBRARY = "libc++";
				CLANG_ENABLE_MODULES = YES;
				CLANG_ENABLE_OBJC_ARC = YES;
				CLANG_WARN_BOOL_CONVERSION = YES;
				CLANG_WARN_CONSTANT_CONVERSION = YES;
				CLANG_WARN_DIRECT_OBJC_ISA_USAGE = YES_ERROR;
				CLANG_WARN_EMPTY_BODY = YES;
				CLANG_WARN_ENUM_CONVERSION = YES;
				CLANG_WARN_INT_CONVERSION = YES;
				CLANG_WARN_OBJC_ROOT_CLASS = YES_ERROR;
				CLANG_WARN_UNREACHABLE_CODE = YES;
				CLANG_WARN__DUPLICATE_METHOD_MATCH = YES;
				"CODE_SIGN_IDENTITY[sdk=iphoneos*]" = "iPhone Developer";
				COPY_PHASE_STRIP = NO;
				DEBUG_INFORMATION_FORMAT = "dwarf-with-dsym";
				ENABLE_NS_ASSERTIONS = NO;
				ENABLE_STRICT_OBJC_MSGSEND = YES;
				GCC_C_LANGUAGE_STANDARD = gnu99;
				GCC_NO_COMMON_BLOCKS = YES;
				GCC_WARN_64_TO_32_BIT_CONVERSION = YES;
				GCC_WARN_ABOUT_RETURN_TYPE = YES_ERROR;
				GCC_WARN_UNDECLARED_SELECTOR = YES;
				GCC_WARN_UNINITIALIZED_AUTOS = YES_AGGRESSIVE;
				GCC_WARN_UNUSED_FUNCTION = YES;
				GCC_WARN_UNUSED_VARIABLE = YES;
				IPHONEOS_DEPLOYMENT_TARGET = 9.3;
				MTL_ENABLE_DEBUG_INFO = NO;
				SDKROOT = iphoneos;
				VALIDATE_PRODUCT = YES;
			};
			name = Release;
		};
		66F84CE01D1880AF00B54B01 /* Debug */ = {
			isa = XCBuildConfiguration;
			buildSettings = {
				ASSETCATALOG_COMPILER_APPICON_NAME = AppIcon;
				INFOPLIST_FILE = SwiftBest/Info.plist;
				IPHONEOS_DEPLOYMENT_TARGET = 8.0;
				LD_RUNPATH_SEARCH_PATHS = "$(inherited) @executable_path/Frameworks";
				PRODUCT_BUNDLE_IDENTIFIER = BY.SwiftBest;
				PRODUCT_NAME = "$(TARGET_NAME)";
			};
			name = Debug;
		};
		66F84CE11D1880AF00B54B01 /* Release */ = {
			isa = XCBuildConfiguration;
			buildSettings = {
				ASSETCATALOG_COMPILER_APPICON_NAME = AppIcon;
				INFOPLIST_FILE = SwiftBest/Info.plist;
				IPHONEOS_DEPLOYMENT_TARGET = 8.0;
				LD_RUNPATH_SEARCH_PATHS = "$(inherited) @executable_path/Frameworks";
				PRODUCT_BUNDLE_IDENTIFIER = BY.SwiftBest;
				PRODUCT_NAME = "$(TARGET_NAME)";
			};
			name = Release;
		};
/* End XCBuildConfiguration section */

/* Begin XCConfigurationList section */
		66F84CC81D1880AE00B54B01 /* Build configuration list for PBXProject "SwiftBest" */ = {
			isa = XCConfigurationList;
			buildConfigurations = (
				66F84CDD1D1880AF00B54B01 /* Debug */,
				66F84CDE1D1880AF00B54B01 /* Release */,
			);
			defaultConfigurationIsVisible = 0;
			defaultConfigurationName = Release;
		};
		66F84CDF1D1880AF00B54B01 /* Build configuration list for PBXNativeTarget "SwiftBest" */ = {
			isa = XCConfigurationList;
			buildConfigurations = (
				66F84CE01D1880AF00B54B01 /* Debug */,
				66F84CE11D1880AF00B54B01 /* Release */,
			);
			defaultConfigurationIsVisible = 0;
			defaultConfigurationName = Release;
		};
/* End XCConfigurationList section */
	};
	rootObject = 66F84CC51D1880AE00B54B01 /* Project object */;
}
